// !$*UTF8*$!
{
	archiveVersion = 1;
	classes = {
	};
	objectVersion = 56;
	objects = {

/* Begin PBXBuildFile section */
		3109FB9C299CB0BF00A256CE /* AppDelegate.swift in Sources */ = {isa = PBXBuildFile; fileRef = 3109FB9B299CB0BF00A256CE /* AppDelegate.swift */; };
		3109FBA6299CB0BF00A256CE /* TwiterApp.xcdatamodeld in Sources */ = {isa = PBXBuildFile; fileRef = 3109FBA4299CB0BF00A256CE /* TwiterApp.xcdatamodeld */; };
		3109FBA8299CB0C000A256CE /* Assets.xcassets in Resources */ = {isa = PBXBuildFile; fileRef = 3109FBA7299CB0C000A256CE /* Assets.xcassets */; };
		3109FBAB299CB0C000A256CE /* LaunchScreen.storyboard in Resources */ = {isa = PBXBuildFile; fileRef = 3109FBA9299CB0C000A256CE /* LaunchScreen.storyboard */; };
		3109FBB6299CB0C000A256CE /* TwiterAppTests.swift in Sources */ = {isa = PBXBuildFile; fileRef = 3109FBB5299CB0C000A256CE /* TwiterAppTests.swift */; };
		3109FC1A299CB71900A256CE /* HomeNaviViewController.swift in Sources */ = {isa = PBXBuildFile; fileRef = 3109FC19299CB71900A256CE /* HomeNaviViewController.swift */; };
		310F0E37299E15770097CA71 /* HomeNaviViewModel.swift in Sources */ = {isa = PBXBuildFile; fileRef = 310F0E36299E15770097CA71 /* HomeNaviViewModel.swift */; };
		310F0E3B299E4FA30097CA71 /* LayoutConstant.swift in Sources */ = {isa = PBXBuildFile; fileRef = 310F0E3A299E4FA30097CA71 /* LayoutConstant.swift */; };
		310F0E3F299E50DB0097CA71 /* CustomTextField.swift in Sources */ = {isa = PBXBuildFile; fileRef = 310F0E3E299E50DB0097CA71 /* CustomTextField.swift */; };
		310F0E41299E5B4D0097CA71 /* CustomView.swift in Sources */ = {isa = PBXBuildFile; fileRef = 310F0E40299E5B4D0097CA71 /* CustomView.swift */; };
		310F0E43299E5DE90097CA71 /* CustomLabel.swift in Sources */ = {isa = PBXBuildFile; fileRef = 310F0E42299E5DE90097CA71 /* CustomLabel.swift */; };
		310F0E45299E657D0097CA71 /* CreateAccountViewController.swift in Sources */ = {isa = PBXBuildFile; fileRef = 310F0E44299E657D0097CA71 /* CreateAccountViewController.swift */; };
		310F0E47299E66520097CA71 /* CustomButton.swift in Sources */ = {isa = PBXBuildFile; fileRef = 310F0E46299E66520097CA71 /* CustomButton.swift */; };
		310F0E49299F075A0097CA71 /* LoginViewModel.swift in Sources */ = {isa = PBXBuildFile; fileRef = 310F0E48299F075A0097CA71 /* LoginViewModel.swift */; };
		310F0E4B299F124F0097CA71 /* CustonImageView.swift in Sources */ = {isa = PBXBuildFile; fileRef = 310F0E4A299F124F0097CA71 /* CustonImageView.swift */; };
		310F0E4F299F48000097CA71 /* CreateAccountViewModel.swift in Sources */ = {isa = PBXBuildFile; fileRef = 310F0E4E299F48000097CA71 /* CreateAccountViewModel.swift */; };
		310F0E51299F564D0097CA71 /* String+Extenstion.swift in Sources */ = {isa = PBXBuildFile; fileRef = 310F0E50299F564D0097CA71 /* String+Extenstion.swift */; };
		310F0E53299F58370097CA71 /* CustomIndicatorView.swift in Sources */ = {isa = PBXBuildFile; fileRef = 310F0E52299F58370097CA71 /* CustomIndicatorView.swift */; };
		310F0E55299F64130097CA71 /* Localizable.strings in Resources */ = {isa = PBXBuildFile; fileRef = 310F0E57299F64130097CA71 /* Localizable.strings */; };
		3160976A299DF26A00B31C96 /* GoogleService-Info.plist in Resources */ = {isa = PBXBuildFile; fileRef = 31609769299DF26A00B31C96 /* GoogleService-Info.plist */; };
		31609782299DFB6500B31C96 /* FirebaseAnalytics in Frameworks */ = {isa = PBXBuildFile; productRef = 31609781299DFB6500B31C96 /* FirebaseAnalytics */; };
		31609784299DFB6500B31C96 /* FirebaseAuth in Frameworks */ = {isa = PBXBuildFile; productRef = 31609783299DFB6500B31C96 /* FirebaseAuth */; };
		31609786299DFB6500B31C96 /* FirebaseAuthCombine-Community in Frameworks */ = {isa = PBXBuildFile; productRef = 31609785299DFB6500B31C96 /* FirebaseAuthCombine-Community */; };
		31609788299DFB6500B31C96 /* FirebaseDatabase in Frameworks */ = {isa = PBXBuildFile; productRef = 31609787299DFB6500B31C96 /* FirebaseDatabase */; };
		3160978A299DFB6500B31C96 /* FirebaseFirestore in Frameworks */ = {isa = PBXBuildFile; productRef = 31609789299DFB6500B31C96 /* FirebaseFirestore */; };
		3160978C299DFB6500B31C96 /* FirebaseFirestoreCombine-Community in Frameworks */ = {isa = PBXBuildFile; productRef = 3160978B299DFB6500B31C96 /* FirebaseFirestoreCombine-Community */; };
		3160978E299DFB6500B31C96 /* FirebaseFirestoreSwift in Frameworks */ = {isa = PBXBuildFile; productRef = 3160978D299DFB6500B31C96 /* FirebaseFirestoreSwift */; };
		31609790299DFB6500B31C96 /* FirebaseStorage in Frameworks */ = {isa = PBXBuildFile; productRef = 3160978F299DFB6500B31C96 /* FirebaseStorage */; };
		31609792299DFB6500B31C96 /* FirebaseStorageCombine-Community in Frameworks */ = {isa = PBXBuildFile; productRef = 31609791299DFB6500B31C96 /* FirebaseStorageCombine-Community */; };
		31609799299DFE9000B31C96 /* FirebaseAuthService.swift in Sources */ = {isa = PBXBuildFile; fileRef = 31609798299DFE9000B31C96 /* FirebaseAuthService.swift */; };
		3160979F299E09F400B31C96 /* Resolver in Frameworks */ = {isa = PBXBuildFile; productRef = 3160979E299E09F400B31C96 /* Resolver */; };
		316097A1299E0A5700B31C96 /* Resolver+Injection.swift in Sources */ = {isa = PBXBuildFile; fileRef = 316097A0299E0A5700B31C96 /* Resolver+Injection.swift */; };
		316097A4299E0B6700B31C96 /* AuthRepository.swift in Sources */ = {isa = PBXBuildFile; fileRef = 316097A3299E0B6700B31C96 /* AuthRepository.swift */; };
		316097AA299E10A900B31C96 /* LoginViewController.swift in Sources */ = {isa = PBXBuildFile; fileRef = 316097A9299E10A900B31C96 /* LoginViewController.swift */; };
		316097AE299E125100B31C96 /* Colors.xcassets in Resources */ = {isa = PBXBuildFile; fileRef = 316097AD299E125100B31C96 /* Colors.xcassets */; };
		31FEBDBE299F69D900D8BB95 /* RswiftLibrary in Frameworks */ = {isa = PBXBuildFile; productRef = 31FEBDBD299F69D900D8BB95 /* RswiftLibrary */; };
/* End PBXBuildFile section */

/* Begin PBXContainerItemProxy section */
		3109FBB2299CB0C000A256CE /* PBXContainerItemProxy */ = {
			isa = PBXContainerItemProxy;
			containerPortal = 3109FB90299CB0BE00A256CE /* Project object */;
			proxyType = 1;
			remoteGlobalIDString = 3109FB97299CB0BF00A256CE;
			remoteInfo = TwiterApp;
		};
/* End PBXContainerItemProxy section */

/* Begin PBXFileReference section */
		3109FB98299CB0BF00A256CE /* TwiterApp.app */ = {isa = PBXFileReference; explicitFileType = wrapper.application; includeInIndex = 0; path = TwiterApp.app; sourceTree = BUILT_PRODUCTS_DIR; };
		3109FB9B299CB0BF00A256CE /* AppDelegate.swift */ = {isa = PBXFileReference; lastKnownFileType = sourcecode.swift; path = AppDelegate.swift; sourceTree = "<group>"; };
		3109FBA5299CB0BF00A256CE /* TwiterApp.xcdatamodel */ = {isa = PBXFileReference; lastKnownFileType = wrapper.xcdatamodel; path = TwiterApp.xcdatamodel; sourceTree = "<group>"; };
		3109FBA7299CB0C000A256CE /* Assets.xcassets */ = {isa = PBXFileReference; lastKnownFileType = folder.assetcatalog; path = Assets.xcassets; sourceTree = "<group>"; };
		3109FBAA299CB0C000A256CE /* Base */ = {isa = PBXFileReference; lastKnownFileType = file.storyboard; name = Base; path = Base.lproj/LaunchScreen.storyboard; sourceTree = "<group>"; };
		3109FBAC299CB0C000A256CE /* Info.plist */ = {isa = PBXFileReference; lastKnownFileType = text.plist.xml; path = Info.plist; sourceTree = "<group>"; };
		3109FBB1299CB0C000A256CE /* TwiterAppTests.xctest */ = {isa = PBXFileReference; explicitFileType = wrapper.cfbundle; includeInIndex = 0; path = TwiterAppTests.xctest; sourceTree = BUILT_PRODUCTS_DIR; };
		3109FBB5299CB0C000A256CE /* TwiterAppTests.swift */ = {isa = PBXFileReference; lastKnownFileType = sourcecode.swift; path = TwiterAppTests.swift; sourceTree = "<group>"; };
		3109FC19299CB71900A256CE /* HomeNaviViewController.swift */ = {isa = PBXFileReference; lastKnownFileType = sourcecode.swift; path = HomeNaviViewController.swift; sourceTree = "<group>"; };
		310F0E36299E15770097CA71 /* HomeNaviViewModel.swift */ = {isa = PBXFileReference; lastKnownFileType = sourcecode.swift; path = HomeNaviViewModel.swift; sourceTree = "<group>"; };
		310F0E3A299E4FA30097CA71 /* LayoutConstant.swift */ = {isa = PBXFileReference; lastKnownFileType = sourcecode.swift; path = LayoutConstant.swift; sourceTree = "<group>"; };
		310F0E3E299E50DB0097CA71 /* CustomTextField.swift */ = {isa = PBXFileReference; lastKnownFileType = sourcecode.swift; path = CustomTextField.swift; sourceTree = "<group>"; };
		310F0E40299E5B4D0097CA71 /* CustomView.swift */ = {isa = PBXFileReference; lastKnownFileType = sourcecode.swift; path = CustomView.swift; sourceTree = "<group>"; };
		310F0E42299E5DE90097CA71 /* CustomLabel.swift */ = {isa = PBXFileReference; lastKnownFileType = sourcecode.swift; path = CustomLabel.swift; sourceTree = "<group>"; };
		310F0E44299E657D0097CA71 /* CreateAccountViewController.swift */ = {isa = PBXFileReference; lastKnownFileType = sourcecode.swift; path = CreateAccountViewController.swift; sourceTree = "<group>"; };
		310F0E46299E66520097CA71 /* CustomButton.swift */ = {isa = PBXFileReference; lastKnownFileType = sourcecode.swift; path = CustomButton.swift; sourceTree = "<group>"; };
		310F0E48299F075A0097CA71 /* LoginViewModel.swift */ = {isa = PBXFileReference; lastKnownFileType = sourcecode.swift; path = LoginViewModel.swift; sourceTree = "<group>"; };
		310F0E4A299F124F0097CA71 /* CustonImageView.swift */ = {isa = PBXFileReference; lastKnownFileType = sourcecode.swift; path = CustonImageView.swift; sourceTree = "<group>"; };
		310F0E4E299F48000097CA71 /* CreateAccountViewModel.swift */ = {isa = PBXFileReference; lastKnownFileType = sourcecode.swift; path = CreateAccountViewModel.swift; sourceTree = "<group>"; };
		310F0E50299F564D0097CA71 /* String+Extenstion.swift */ = {isa = PBXFileReference; lastKnownFileType = sourcecode.swift; path = "String+Extenstion.swift"; sourceTree = "<group>"; };
		310F0E52299F58370097CA71 /* CustomIndicatorView.swift */ = {isa = PBXFileReference; lastKnownFileType = sourcecode.swift; path = CustomIndicatorView.swift; sourceTree = "<group>"; };
		310F0E56299F64130097CA71 /* en */ = {isa = PBXFileReference; lastKnownFileType = text.plist.strings; name = en; path = en.lproj/Localizable.strings; sourceTree = "<group>"; };
		31609769299DF26A00B31C96 /* GoogleService-Info.plist */ = {isa = PBXFileReference; fileEncoding = 4; lastKnownFileType = text.plist.xml; path = "GoogleService-Info.plist"; sourceTree = "<group>"; };
		31609798299DFE9000B31C96 /* FirebaseAuthService.swift */ = {isa = PBXFileReference; lastKnownFileType = sourcecode.swift; path = FirebaseAuthService.swift; sourceTree = "<group>"; };
		316097A0299E0A5700B31C96 /* Resolver+Injection.swift */ = {isa = PBXFileReference; lastKnownFileType = sourcecode.swift; path = "Resolver+Injection.swift"; sourceTree = "<group>"; };
		316097A3299E0B6700B31C96 /* AuthRepository.swift */ = {isa = PBXFileReference; lastKnownFileType = sourcecode.swift; path = AuthRepository.swift; sourceTree = "<group>"; };
		316097A9299E10A900B31C96 /* LoginViewController.swift */ = {isa = PBXFileReference; lastKnownFileType = sourcecode.swift; path = LoginViewController.swift; sourceTree = "<group>"; };
		316097AD299E125100B31C96 /* Colors.xcassets */ = {isa = PBXFileReference; lastKnownFileType = folder.assetcatalog; path = Colors.xcassets; sourceTree = "<group>"; };
/* End PBXFileReference section */

/* Begin PBXFrameworksBuildPhase section */
		3109FB95299CB0BF00A256CE /* Frameworks */ = {
			isa = PBXFrameworksBuildPhase;
			buildActionMask = 2147483647;
			files = (
				31FEBDBE299F69D900D8BB95 /* RswiftLibrary in Frameworks */,
				31609782299DFB6500B31C96 /* FirebaseAnalytics in Frameworks */,
				31609786299DFB6500B31C96 /* FirebaseAuthCombine-Community in Frameworks */,
				31609788299DFB6500B31C96 /* FirebaseDatabase in Frameworks */,
				3160978E299DFB6500B31C96 /* FirebaseFirestoreSwift in Frameworks */,
				3160978C299DFB6500B31C96 /* FirebaseFirestoreCombine-Community in Frameworks */,
				31609790299DFB6500B31C96 /* FirebaseStorage in Frameworks */,
				3160978A299DFB6500B31C96 /* FirebaseFirestore in Frameworks */,
				31609792299DFB6500B31C96 /* FirebaseStorageCombine-Community in Frameworks */,
				3160979F299E09F400B31C96 /* Resolver in Frameworks */,
				31609784299DFB6500B31C96 /* FirebaseAuth in Frameworks */,
			);
			runOnlyForDeploymentPostprocessing = 0;
		};
		3109FBAE299CB0C000A256CE /* Frameworks */ = {
			isa = PBXFrameworksBuildPhase;
			buildActionMask = 2147483647;
			files = (
			);
			runOnlyForDeploymentPostprocessing = 0;
		};
/* End PBXFrameworksBuildPhase section */

/* Begin PBXGroup section */
		3109FB8F299CB0BE00A256CE = {
			isa = PBXGroup;
			children = (
				3109FB9A299CB0BF00A256CE /* TwiterApp */,
				3109FBB4299CB0C000A256CE /* TwiterAppTests */,
				3109FB99299CB0BF00A256CE /* Products */,
				31FEBDBC299F69D900D8BB95 /* Frameworks */,
			);
			sourceTree = "<group>";
		};
		3109FB99299CB0BF00A256CE /* Products */ = {
			isa = PBXGroup;
			children = (
				3109FB98299CB0BF00A256CE /* TwiterApp.app */,
				3109FBB1299CB0C000A256CE /* TwiterAppTests.xctest */,
			);
			name = Products;
			sourceTree = "<group>";
		};
		3109FB9A299CB0BF00A256CE /* TwiterApp */ = {
			isa = PBXGroup;
			children = (
				3109FBD0299CB21F00A256CE /* DB */,
				310F0E38299E4EA90097CA71 /* Constant */,
				3109FBD9299CB36300A256CE /* App */,
				3109FBD8299CB35500A256CE /* Core */,
				3109FBCE299CB1E200A256CE /* Resource */,
				3109FBD6299CB28A00A256CE /* Support */,
			);
			path = TwiterApp;
			sourceTree = "<group>";
		};
		3109FBB4299CB0C000A256CE /* TwiterAppTests */ = {
			isa = PBXGroup;
			children = (
				3109FBB5299CB0C000A256CE /* TwiterAppTests.swift */,
			);
			path = TwiterAppTests;
			sourceTree = "<group>";
		};
		3109FBCE299CB1E200A256CE /* Resource */ = {
			isa = PBXGroup;
			children = (
				3109FBCF299CB20200A256CE /* Languages */,
				3109FBA7299CB0C000A256CE /* Assets.xcassets */,
				316097AD299E125100B31C96 /* Colors.xcassets */,
			);
			path = Resource;
			sourceTree = "<group>";
		};
		3109FBCF299CB20200A256CE /* Languages */ = {
			isa = PBXGroup;
			children = (
				310F0E57299F64130097CA71 /* Localizable.strings */,
			);
			path = Languages;
			sourceTree = "<group>";
		};
		3109FBD0299CB21F00A256CE /* DB */ = {
			isa = PBXGroup;
			children = (
				3109FBA4299CB0BF00A256CE /* TwiterApp.xcdatamodeld */,
			);
			path = DB;
			sourceTree = "<group>";
		};
		3109FBD1299CB23500A256CE /* Helper */ = {
			isa = PBXGroup;
			children = (
				310F0E50299F564D0097CA71 /* String+Extenstion.swift */,
			);
			path = Helper;
			sourceTree = "<group>";
		};
		3109FBD2299CB24000A256CE /* DAO */ = {
			isa = PBXGroup;
			children = (
			);
			path = DAO;
			sourceTree = "<group>";
		};
		3109FBD3299CB24F00A256CE /* Service */ = {
			isa = PBXGroup;
			children = (
				31609798299DFE9000B31C96 /* FirebaseAuthService.swift */,
			);
			path = Service;
			sourceTree = "<group>";
		};
		3109FBD4299CB25900A256CE /* Repository */ = {
			isa = PBXGroup;
			children = (
				316097A3299E0B6700B31C96 /* AuthRepository.swift */,
			);
			path = Repository;
			sourceTree = "<group>";
		};
		3109FBD5299CB28300A256CE /* Flow */ = {
			isa = PBXGroup;
			children = (
				310F0E3C299E50AE0097CA71 /* Component */,
				316097A5299E0E6600B31C96 /* Account */,
				3109FBD7299CB29B00A256CE /* Home */,
			);
			path = Flow;
			sourceTree = "<group>";
		};
		3109FBD6299CB28A00A256CE /* Support */ = {
			isa = PBXGroup;
			children = (
				3109FB9B299CB0BF00A256CE /* AppDelegate.swift */,
				3109FBA9299CB0C000A256CE /* LaunchScreen.storyboard */,
				3109FBAC299CB0C000A256CE /* Info.plist */,
				31609769299DF26A00B31C96 /* GoogleService-Info.plist */,
			);
			path = Support;
			sourceTree = "<group>";
		};
		3109FBD7299CB29B00A256CE /* Home */ = {
			isa = PBXGroup;
			children = (
				3109FC19299CB71900A256CE /* HomeNaviViewController.swift */,
				310F0E36299E15770097CA71 /* HomeNaviViewModel.swift */,
			);
			path = Home;
			sourceTree = "<group>";
		};
		3109FBD8299CB35500A256CE /* Core */ = {
			isa = PBXGroup;
			children = (
				316097A2299E0B2A00B31C96 /* Injection */,
				3109FBD1299CB23500A256CE /* Helper */,
				3160979A299E026500B31C96 /* Model */,
				3109FBD3299CB24F00A256CE /* Service */,
				3109FBD2299CB24000A256CE /* DAO */,
				3109FBD4299CB25900A256CE /* Repository */,
			);
			path = Core;
			sourceTree = "<group>";
		};
		3109FBD9299CB36300A256CE /* App */ = {
			isa = PBXGroup;
			children = (
				3109FBD5299CB28300A256CE /* Flow */,
			);
			path = App;
			sourceTree = "<group>";
		};
		310F0E38299E4EA90097CA71 /* Constant */ = {
			isa = PBXGroup;
			children = (
				310F0E39299E4F8E0097CA71 /* Layout */,
			);
			path = Constant;
			sourceTree = "<group>";
		};
		310F0E39299E4F8E0097CA71 /* Layout */ = {
			isa = PBXGroup;
			children = (
				310F0E3A299E4FA30097CA71 /* LayoutConstant.swift */,
			);
			path = Layout;
			sourceTree = "<group>";
		};
		310F0E3C299E50AE0097CA71 /* Component */ = {
			isa = PBXGroup;
			children = (
				310F0E3E299E50DB0097CA71 /* CustomTextField.swift */,
				310F0E40299E5B4D0097CA71 /* CustomView.swift */,
				310F0E42299E5DE90097CA71 /* CustomLabel.swift */,
				310F0E46299E66520097CA71 /* CustomButton.swift */,
				310F0E4A299F124F0097CA71 /* CustonImageView.swift */,
				310F0E52299F58370097CA71 /* CustomIndicatorView.swift */,
			);
			path = Component;
			sourceTree = "<group>";
		};
		3160979A299E026500B31C96 /* Model */ = {
			isa = PBXGroup;
			children = (
			);
			path = Model;
			sourceTree = "<group>";
		};
		316097A2299E0B2A00B31C96 /* Injection */ = {
			isa = PBXGroup;
			children = (
				316097A0299E0A5700B31C96 /* Resolver+Injection.swift */,
			);
			path = Injection;
			sourceTree = "<group>";
		};
		316097A5299E0E6600B31C96 /* Account */ = {
			isa = PBXGroup;
			children = (
				316097A8299E0EC900B31C96 /* Profile */,
				316097A7299E0EB800B31C96 /* Login */,
				316097A6299E0EA100B31C96 /* CreateAccount */,
			);
			path = Account;
			sourceTree = "<group>";
		};
		316097A6299E0EA100B31C96 /* CreateAccount */ = {
			isa = PBXGroup;
			children = (
				310F0E44299E657D0097CA71 /* CreateAccountViewController.swift */,
				310F0E4E299F48000097CA71 /* CreateAccountViewModel.swift */,
			);
			path = CreateAccount;
			sourceTree = "<group>";
		};
		316097A7299E0EB800B31C96 /* Login */ = {
			isa = PBXGroup;
			children = (
				316097A9299E10A900B31C96 /* LoginViewController.swift */,
				310F0E48299F075A0097CA71 /* LoginViewModel.swift */,
			);
			path = Login;
			sourceTree = "<group>";
		};
		316097A8299E0EC900B31C96 /* Profile */ = {
			isa = PBXGroup;
			children = (
			);
			path = Profile;
			sourceTree = "<group>";
		};
		31FEBDBC299F69D900D8BB95 /* Frameworks */ = {
			isa = PBXGroup;
			children = (
			);
			name = Frameworks;
			sourceTree = "<group>";
		};
/* End PBXGroup section */

/* Begin PBXNativeTarget section */
		3109FB97299CB0BF00A256CE /* TwiterApp */ = {
			isa = PBXNativeTarget;
			buildConfigurationList = 3109FBC5299CB0C000A256CE /* Build configuration list for PBXNativeTarget "TwiterApp" */;
			buildPhases = (
				3109FB94299CB0BF00A256CE /* Sources */,
				3109FB95299CB0BF00A256CE /* Frameworks */,
				3109FB96299CB0BF00A256CE /* Resources */,
			);
			buildRules = (
			);
			dependencies = (
				31FEBDC0299F69EC00D8BB95 /* PBXTargetDependency */,
			);
			name = TwiterApp;
			packageProductDependencies = (
				31609781299DFB6500B31C96 /* FirebaseAnalytics */,
				31609783299DFB6500B31C96 /* FirebaseAuth */,
				31609785299DFB6500B31C96 /* FirebaseAuthCombine-Community */,
				31609787299DFB6500B31C96 /* FirebaseDatabase */,
				31609789299DFB6500B31C96 /* FirebaseFirestore */,
				3160978B299DFB6500B31C96 /* FirebaseFirestoreCombine-Community */,
				3160978D299DFB6500B31C96 /* FirebaseFirestoreSwift */,
				3160978F299DFB6500B31C96 /* FirebaseStorage */,
				31609791299DFB6500B31C96 /* FirebaseStorageCombine-Community */,
				3160979E299E09F400B31C96 /* Resolver */,
				31FEBDBD299F69D900D8BB95 /* RswiftLibrary */,
			);
			productName = TwiterApp;
			productReference = 3109FB98299CB0BF00A256CE /* TwiterApp.app */;
			productType = "com.apple.product-type.application";
		};
		3109FBB0299CB0C000A256CE /* TwiterAppTests */ = {
			isa = PBXNativeTarget;
			buildConfigurationList = 3109FBC8299CB0C000A256CE /* Build configuration list for PBXNativeTarget "TwiterAppTests" */;
			buildPhases = (
				3109FBAD299CB0C000A256CE /* Sources */,
				3109FBAE299CB0C000A256CE /* Frameworks */,
				3109FBAF299CB0C000A256CE /* Resources */,
			);
			buildRules = (
			);
			dependencies = (
				3109FBB3299CB0C000A256CE /* PBXTargetDependency */,
			);
			name = TwiterAppTests;
			productName = TwiterAppTests;
			productReference = 3109FBB1299CB0C000A256CE /* TwiterAppTests.xctest */;
			productType = "com.apple.product-type.bundle.unit-test";
		};
/* End PBXNativeTarget section */

/* Begin PBXProject section */
		3109FB90299CB0BE00A256CE /* Project object */ = {
			isa = PBXProject;
			attributes = {
				BuildIndependentTargetsInParallel = 1;
				LastSwiftUpdateCheck = 1410;
				LastUpgradeCheck = 1410;
				TargetAttributes = {
					3109FB97299CB0BF00A256CE = {
						CreatedOnToolsVersion = 14.1;
					};
					3109FBB0299CB0C000A256CE = {
						CreatedOnToolsVersion = 14.1;
						TestTargetID = 3109FB97299CB0BF00A256CE;
					};
				};
			};
			buildConfigurationList = 3109FB93299CB0BE00A256CE /* Build configuration list for PBXProject "TwiterApp" */;
			compatibilityVersion = "Xcode 14.0";
			developmentRegion = en;
			hasScannedForEncodings = 0;
			knownRegions = (
				en,
				Base,
			);
			mainGroup = 3109FB8F299CB0BE00A256CE;
			packageReferences = (
				31609780299DFB6500B31C96 /* XCRemoteSwiftPackageReference "firebase-ios-sdk" */,
				3160979D299E09F400B31C96 /* XCRemoteSwiftPackageReference "Resolver" */,
				310F0E5B299F686A0097CA71 /* XCRemoteSwiftPackageReference "R" */,
			);
			productRefGroup = 3109FB99299CB0BF00A256CE /* Products */;
			projectDirPath = "";
			projectRoot = "";
			targets = (
				3109FB97299CB0BF00A256CE /* TwiterApp */,
				3109FBB0299CB0C000A256CE /* TwiterAppTests */,
			);
		};
/* End PBXProject section */

/* Begin PBXResourcesBuildPhase section */
		3109FB96299CB0BF00A256CE /* Resources */ = {
			isa = PBXResourcesBuildPhase;
			buildActionMask = 2147483647;
			files = (
				316097AE299E125100B31C96 /* Colors.xcassets in Resources */,
				3109FBAB299CB0C000A256CE /* LaunchScreen.storyboard in Resources */,
				310F0E55299F64130097CA71 /* Localizable.strings in Resources */,
				3160976A299DF26A00B31C96 /* GoogleService-Info.plist in Resources */,
				3109FBA8299CB0C000A256CE /* Assets.xcassets in Resources */,
			);
			runOnlyForDeploymentPostprocessing = 0;
		};
		3109FBAF299CB0C000A256CE /* Resources */ = {
			isa = PBXResourcesBuildPhase;
			buildActionMask = 2147483647;
			files = (
			);
			runOnlyForDeploymentPostprocessing = 0;
		};
/* End PBXResourcesBuildPhase section */

/* Begin PBXSourcesBuildPhase section */
		3109FB94299CB0BF00A256CE /* Sources */ = {
			isa = PBXSourcesBuildPhase;
			buildActionMask = 2147483647;
			files = (
				310F0E41299E5B4D0097CA71 /* CustomView.swift in Sources */,
				316097AA299E10A900B31C96 /* LoginViewController.swift in Sources */,
				31609799299DFE9000B31C96 /* FirebaseAuthService.swift in Sources */,
				3109FB9C299CB0BF00A256CE /* AppDelegate.swift in Sources */,
				310F0E37299E15770097CA71 /* HomeNaviViewModel.swift in Sources */,
				3109FBA6299CB0BF00A256CE /* TwiterApp.xcdatamodeld in Sources */,
				310F0E45299E657D0097CA71 /* CreateAccountViewController.swift in Sources */,
				310F0E3F299E50DB0097CA71 /* CustomTextField.swift in Sources */,
				316097A4299E0B6700B31C96 /* AuthRepository.swift in Sources */,
				310F0E53299F58370097CA71 /* CustomIndicatorView.swift in Sources */,
				310F0E4F299F48000097CA71 /* CreateAccountViewModel.swift in Sources */,
				310F0E43299E5DE90097CA71 /* CustomLabel.swift in Sources */,
				310F0E4B299F124F0097CA71 /* CustonImageView.swift in Sources */,
				310F0E49299F075A0097CA71 /* LoginViewModel.swift in Sources */,
				316097A1299E0A5700B31C96 /* Resolver+Injection.swift in Sources */,
				310F0E3B299E4FA30097CA71 /* LayoutConstant.swift in Sources */,
				3109FC1A299CB71900A256CE /* HomeNaviViewController.swift in Sources */,
				310F0E47299E66520097CA71 /* CustomButton.swift in Sources */,
				310F0E51299F564D0097CA71 /* String+Extenstion.swift in Sources */,
			);
			runOnlyForDeploymentPostprocessing = 0;
		};
		3109FBAD299CB0C000A256CE /* Sources */ = {
			isa = PBXSourcesBuildPhase;
			buildActionMask = 2147483647;
			files = (
				3109FBB6299CB0C000A256CE /* TwiterAppTests.swift in Sources */,
			);
			runOnlyForDeploymentPostprocessing = 0;
		};
/* End PBXSourcesBuildPhase section */

/* Begin PBXTargetDependency section */
		3109FBB3299CB0C000A256CE /* PBXTargetDependency */ = {
			isa = PBXTargetDependency;
			target = 3109FB97299CB0BF00A256CE /* TwiterApp */;
			targetProxy = 3109FBB2299CB0C000A256CE /* PBXContainerItemProxy */;
		};
		31FEBDC0299F69EC00D8BB95 /* PBXTargetDependency */ = {
			isa = PBXTargetDependency;
			productRef = 31FEBDBF299F69EC00D8BB95 /* RswiftGenerateInternalResources */;
		};
/* End PBXTargetDependency section */

/* Begin PBXVariantGroup section */
		3109FBA9299CB0C000A256CE /* LaunchScreen.storyboard */ = {
			isa = PBXVariantGroup;
			children = (
				3109FBAA299CB0C000A256CE /* Base */,
			);
			name = LaunchScreen.storyboard;
			sourceTree = "<group>";
		};
		310F0E57299F64130097CA71 /* Localizable.strings */ = {
			isa = PBXVariantGroup;
			children = (
				310F0E56299F64130097CA71 /* en */,
			);
			name = Localizable.strings;
			sourceTree = "<group>";
		};
/* End PBXVariantGroup section */

/* Begin XCBuildConfiguration section */
		3109FBC3299CB0C000A256CE /* Debug */ = {
			isa = XCBuildConfiguration;
			buildSettings = {
				ALWAYS_SEARCH_USER_PATHS = NO;
				CLANG_ANALYZER_LOCALIZABILITY_NONLOCALIZED = YES;
				CLANG_ANALYZER_NONNULL = YES;
				CLANG_ANALYZER_NUMBER_OBJECT_CONVERSION = YES_AGGRESSIVE;
				CLANG_CXX_LANGUAGE_STANDARD = "gnu++20";
				CLANG_ENABLE_MODULES = YES;
				CLANG_ENABLE_OBJC_ARC = YES;
				CLANG_ENABLE_OBJC_WEAK = YES;
				CLANG_WARN_BLOCK_CAPTURE_AUTORELEASING = YES;
				CLANG_WARN_BOOL_CONVERSION = YES;
				CLANG_WARN_COMMA = YES;
				CLANG_WARN_CONSTANT_CONVERSION = YES;
				CLANG_WARN_DEPRECATED_OBJC_IMPLEMENTATIONS = YES;
				CLANG_WARN_DIRECT_OBJC_ISA_USAGE = YES_ERROR;
				CLANG_WARN_DOCUMENTATION_COMMENTS = YES;
				CLANG_WARN_EMPTY_BODY = YES;
				CLANG_WARN_ENUM_CONVERSION = YES;
				CLANG_WARN_INFINITE_RECURSION = YES;
				CLANG_WARN_INT_CONVERSION = YES;
				CLANG_WARN_NON_LITERAL_NULL_CONVERSION = YES;
				CLANG_WARN_OBJC_IMPLICIT_RETAIN_SELF = YES;
				CLANG_WARN_OBJC_LITERAL_CONVERSION = YES;
				CLANG_WARN_OBJC_ROOT_CLASS = YES_ERROR;
				CLANG_WARN_QUOTED_INCLUDE_IN_FRAMEWORK_HEADER = YES;
				CLANG_WARN_RANGE_LOOP_ANALYSIS = YES;
				CLANG_WARN_STRICT_PROTOTYPES = YES;
				CLANG_WARN_SUSPICIOUS_MOVE = YES;
				CLANG_WARN_UNGUARDED_AVAILABILITY = YES_AGGRESSIVE;
				CLANG_WARN_UNREACHABLE_CODE = YES;
				CLANG_WARN__DUPLICATE_METHOD_MATCH = YES;
				COPY_PHASE_STRIP = NO;
				DEBUG_INFORMATION_FORMAT = dwarf;
				ENABLE_STRICT_OBJC_MSGSEND = YES;
				ENABLE_TESTABILITY = YES;
				GCC_C_LANGUAGE_STANDARD = gnu11;
				GCC_DYNAMIC_NO_PIC = NO;
				GCC_NO_COMMON_BLOCKS = YES;
				GCC_OPTIMIZATION_LEVEL = 0;
				GCC_PREPROCESSOR_DEFINITIONS = (
					"DEBUG=1",
					"$(inherited)",
				);
				GCC_WARN_64_TO_32_BIT_CONVERSION = YES;
				GCC_WARN_ABOUT_RETURN_TYPE = YES_ERROR;
				GCC_WARN_UNDECLARED_SELECTOR = YES;
				GCC_WARN_UNINITIALIZED_AUTOS = YES_AGGRESSIVE;
				GCC_WARN_UNUSED_FUNCTION = YES;
				GCC_WARN_UNUSED_VARIABLE = YES;
				IPHONEOS_DEPLOYMENT_TARGET = 16.1;
				MTL_ENABLE_DEBUG_INFO = INCLUDE_SOURCE;
				MTL_FAST_MATH = YES;
				ONLY_ACTIVE_ARCH = YES;
				SDKROOT = iphoneos;
				SWIFT_ACTIVE_COMPILATION_CONDITIONS = DEBUG;
				SWIFT_OPTIMIZATION_LEVEL = "-Onone";
			};
			name = Debug;
		};
		3109FBC4299CB0C000A256CE /* Release */ = {
			isa = XCBuildConfiguration;
			buildSettings = {
				ALWAYS_SEARCH_USER_PATHS = NO;
				CLANG_ANALYZER_LOCALIZABILITY_NONLOCALIZED = YES;
				CLANG_ANALYZER_NONNULL = YES;
				CLANG_ANALYZER_NUMBER_OBJECT_CONVERSION = YES_AGGRESSIVE;
				CLANG_CXX_LANGUAGE_STANDARD = "gnu++20";
				CLANG_ENABLE_MODULES = YES;
				CLANG_ENABLE_OBJC_ARC = YES;
				CLANG_ENABLE_OBJC_WEAK = YES;
				CLANG_WARN_BLOCK_CAPTURE_AUTORELEASING = YES;
				CLANG_WARN_BOOL_CONVERSION = YES;
				CLANG_WARN_COMMA = YES;
				CLANG_WARN_CONSTANT_CONVERSION = YES;
				CLANG_WARN_DEPRECATED_OBJC_IMPLEMENTATIONS = YES;
				CLANG_WARN_DIRECT_OBJC_ISA_USAGE = YES_ERROR;
				CLANG_WARN_DOCUMENTATION_COMMENTS = YES;
				CLANG_WARN_EMPTY_BODY = YES;
				CLANG_WARN_ENUM_CONVERSION = YES;
				CLANG_WARN_INFINITE_RECURSION = YES;
				CLANG_WARN_INT_CONVERSION = YES;
				CLANG_WARN_NON_LITERAL_NULL_CONVERSION = YES;
				CLANG_WARN_OBJC_IMPLICIT_RETAIN_SELF = YES;
				CLANG_WARN_OBJC_LITERAL_CONVERSION = YES;
				CLANG_WARN_OBJC_ROOT_CLASS = YES_ERROR;
				CLANG_WARN_QUOTED_INCLUDE_IN_FRAMEWORK_HEADER = YES;
				CLANG_WARN_RANGE_LOOP_ANALYSIS = YES;
				CLANG_WARN_STRICT_PROTOTYPES = YES;
				CLANG_WARN_SUSPICIOUS_MOVE = YES;
				CLANG_WARN_UNGUARDED_AVAILABILITY = YES_AGGRESSIVE;
				CLANG_WARN_UNREACHABLE_CODE = YES;
				CLANG_WARN__DUPLICATE_METHOD_MATCH = YES;
				COPY_PHASE_STRIP = NO;
				DEBUG_INFORMATION_FORMAT = "dwarf-with-dsym";
				ENABLE_NS_ASSERTIONS = NO;
				ENABLE_STRICT_OBJC_MSGSEND = YES;
				GCC_C_LANGUAGE_STANDARD = gnu11;
				GCC_NO_COMMON_BLOCKS = YES;
				GCC_WARN_64_TO_32_BIT_CONVERSION = YES;
				GCC_WARN_ABOUT_RETURN_TYPE = YES_ERROR;
				GCC_WARN_UNDECLARED_SELECTOR = YES;
				GCC_WARN_UNINITIALIZED_AUTOS = YES_AGGRESSIVE;
				GCC_WARN_UNUSED_FUNCTION = YES;
				GCC_WARN_UNUSED_VARIABLE = YES;
				IPHONEOS_DEPLOYMENT_TARGET = 16.1;
				MTL_ENABLE_DEBUG_INFO = NO;
				MTL_FAST_MATH = YES;
				SDKROOT = iphoneos;
				SWIFT_COMPILATION_MODE = wholemodule;
				SWIFT_OPTIMIZATION_LEVEL = "-O";
				VALIDATE_PRODUCT = YES;
			};
			name = Release;
		};
		3109FBC6299CB0C000A256CE /* Debug */ = {
			isa = XCBuildConfiguration;
			buildSettings = {
				ASSETCATALOG_COMPILER_APPICON_NAME = AppIcon;
				ASSETCATALOG_COMPILER_GLOBAL_ACCENT_COLOR_NAME = AccentColor;
				CODE_SIGN_STYLE = Automatic;
				CURRENT_PROJECT_VERSION = 1;
				DEVELOPMENT_TEAM = 88XQS9H672;
				GENERATE_INFOPLIST_FILE = YES;
				INFOPLIST_FILE = TwiterApp/Support/Info.plist;
				INFOPLIST_KEY_UIApplicationSupportsIndirectInputEvents = YES;
				INFOPLIST_KEY_UILaunchStoryboardName = LaunchScreen.storyboard;
				INFOPLIST_KEY_UIMainStoryboardFile = "";
				INFOPLIST_KEY_UISupportedInterfaceOrientations = UIInterfaceOrientationPortrait;
				LD_RUNPATH_SEARCH_PATHS = (
					"$(inherited)",
					"@executable_path/Frameworks",
				);
				MARKETING_VERSION = 1.0;
				PRODUCT_BUNDLE_IDENTIFIER = org.bani.TwiterApp;
				PRODUCT_NAME = "$(TARGET_NAME)";
				SUPPORTED_PLATFORMS = "iphoneos iphonesimulator";
				SUPPORTS_MACCATALYST = NO;
				SUPPORTS_MAC_DESIGNED_FOR_IPHONE_IPAD = YES;
				SWIFT_EMIT_LOC_STRINGS = YES;
				SWIFT_VERSION = 5.0;
				TARGETED_DEVICE_FAMILY = 1;
			};
			name = Debug;
		};
		3109FBC7299CB0C000A256CE /* Release */ = {
			isa = XCBuildConfiguration;
			buildSettings = {
				ASSETCATALOG_COMPILER_APPICON_NAME = AppIcon;
				ASSETCATALOG_COMPILER_GLOBAL_ACCENT_COLOR_NAME = AccentColor;
				CODE_SIGN_STYLE = Automatic;
				CURRENT_PROJECT_VERSION = 1;
				DEVELOPMENT_TEAM = 88XQS9H672;
				GENERATE_INFOPLIST_FILE = YES;
				INFOPLIST_FILE = TwiterApp/Support/Info.plist;
				INFOPLIST_KEY_UIApplicationSupportsIndirectInputEvents = YES;
				INFOPLIST_KEY_UILaunchStoryboardName = LaunchScreen.storyboard;
				INFOPLIST_KEY_UIMainStoryboardFile = "";
				INFOPLIST_KEY_UISupportedInterfaceOrientations = UIInterfaceOrientationPortrait;
				LD_RUNPATH_SEARCH_PATHS = (
					"$(inherited)",
					"@executable_path/Frameworks",
				);
				MARKETING_VERSION = 1.0;
				PRODUCT_BUNDLE_IDENTIFIER = org.bani.TwiterApp;
				PRODUCT_NAME = "$(TARGET_NAME)";
				SUPPORTED_PLATFORMS = "iphoneos iphonesimulator";
				SUPPORTS_MACCATALYST = NO;
				SUPPORTS_MAC_DESIGNED_FOR_IPHONE_IPAD = YES;
				SWIFT_EMIT_LOC_STRINGS = YES;
				SWIFT_VERSION = 5.0;
				TARGETED_DEVICE_FAMILY = 1;
			};
			name = Release;
		};
		3109FBC9299CB0C000A256CE /* Debug */ = {
			isa = XCBuildConfiguration;
			buildSettings = {
				ALWAYS_EMBED_SWIFT_STANDARD_LIBRARIES = YES;
				BUNDLE_LOADER = "$(TEST_HOST)";
				CODE_SIGN_STYLE = Automatic;
				CURRENT_PROJECT_VERSION = 1;
				DEVELOPMENT_TEAM = 88XQS9H672;
				GENERATE_INFOPLIST_FILE = YES;
				IPHONEOS_DEPLOYMENT_TARGET = 16.1;
				MARKETING_VERSION = 1.0;
				PRODUCT_BUNDLE_IDENTIFIER = org.bani.TwiterAppTests;
				PRODUCT_NAME = "$(TARGET_NAME)";
				SUPPORTED_PLATFORMS = "iphoneos iphonesimulator";
				SUPPORTS_MACCATALYST = NO;
				SUPPORTS_MAC_DESIGNED_FOR_IPHONE_IPAD = YES;
				SWIFT_EMIT_LOC_STRINGS = NO;
				SWIFT_VERSION = 5.0;
				TARGETED_DEVICE_FAMILY = 1;
				TEST_HOST = "$(BUILT_PRODUCTS_DIR)/TwiterApp.app/$(BUNDLE_EXECUTABLE_FOLDER_PATH)/TwiterApp";
			};
			name = Debug;
		};
		3109FBCA299CB0C000A256CE /* Release */ = {
			isa = XCBuildConfiguration;
			buildSettings = {
				ALWAYS_EMBED_SWIFT_STANDARD_LIBRARIES = YES;
				BUNDLE_LOADER = "$(TEST_HOST)";
				CODE_SIGN_STYLE = Automatic;
				CURRENT_PROJECT_VERSION = 1;
				DEVELOPMENT_TEAM = 88XQS9H672;
				GENERATE_INFOPLIST_FILE = YES;
				IPHONEOS_DEPLOYMENT_TARGET = 16.1;
				MARKETING_VERSION = 1.0;
				PRODUCT_BUNDLE_IDENTIFIER = org.bani.TwiterAppTests;
				PRODUCT_NAME = "$(TARGET_NAME)";
				SUPPORTED_PLATFORMS = "iphoneos iphonesimulator";
				SUPPORTS_MACCATALYST = NO;
				SUPPORTS_MAC_DESIGNED_FOR_IPHONE_IPAD = YES;
				SWIFT_EMIT_LOC_STRINGS = NO;
				SWIFT_VERSION = 5.0;
				TARGETED_DEVICE_FAMILY = 1;
				TEST_HOST = "$(BUILT_PRODUCTS_DIR)/TwiterApp.app/$(BUNDLE_EXECUTABLE_FOLDER_PATH)/TwiterApp";
			};
			name = Release;
		};
/* End XCBuildConfiguration section */

/* Begin XCConfigurationList section */
		3109FB93299CB0BE00A256CE /* Build configuration list for PBXProject "TwiterApp" */ = {
			isa = XCConfigurationList;
			buildConfigurations = (
				3109FBC3299CB0C000A256CE /* Debug */,
				3109FBC4299CB0C000A256CE /* Release */,
			);
			defaultConfigurationIsVisible = 0;
			defaultConfigurationName = Release;
		};
		3109FBC5299CB0C000A256CE /* Build configuration list for PBXNativeTarget "TwiterApp" */ = {
			isa = XCConfigurationList;
			buildConfigurations = (
				3109FBC6299CB0C000A256CE /* Debug */,
				3109FBC7299CB0C000A256CE /* Release */,
			);
			defaultConfigurationIsVisible = 0;
			defaultConfigurationName = Release;
		};
		3109FBC8299CB0C000A256CE /* Build configuration list for PBXNativeTarget "TwiterAppTests" */ = {
			isa = XCConfigurationList;
			buildConfigurations = (
				3109FBC9299CB0C000A256CE /* Debug */,
				3109FBCA299CB0C000A256CE /* Release */,
			);
			defaultConfigurationIsVisible = 0;
			defaultConfigurationName = Release;
		};
/* End XCConfigurationList section */

/* Begin XCRemoteSwiftPackageReference section */
		310F0E5B299F686A0097CA71 /* XCRemoteSwiftPackageReference "R" */ = {
			isa = XCRemoteSwiftPackageReference;
			repositoryURL = "https://github.com/mac-cain13/R.swift";
			requirement = {
				kind = upToNextMajorVersion;
				minimumVersion = 7.0.0;
			};
		};
		31609780299DFB6500B31C96 /* XCRemoteSwiftPackageReference "firebase-ios-sdk" */ = {
			isa = XCRemoteSwiftPackageReference;
			repositoryURL = "https://github.com/firebase/firebase-ios-sdk";
			requirement = {
				branch = master;
				kind = branch;
			};
		};
		3160979D299E09F400B31C96 /* XCRemoteSwiftPackageReference "Resolver" */ = {
			isa = XCRemoteSwiftPackageReference;
			repositoryURL = "https://github.com/hmlongco/Resolver";
			requirement = {
				kind = upToNextMajorVersion;
				minimumVersion = 1.0.0;
			};
		};
/* End XCRemoteSwiftPackageReference section */

/* Begin XCSwiftPackageProductDependency section */
		31609781299DFB6500B31C96 /* FirebaseAnalytics */ = {
			isa = XCSwiftPackageProductDependency;
			package = 31609780299DFB6500B31C96 /* XCRemoteSwiftPackageReference "firebase-ios-sdk" */;
			productName = FirebaseAnalytics;
		};
		31609783299DFB6500B31C96 /* FirebaseAuth */ = {
			isa = XCSwiftPackageProductDependency;
			package = 31609780299DFB6500B31C96 /* XCRemoteSwiftPackageReference "firebase-ios-sdk" */;
			productName = FirebaseAuth;
		};
		31609785299DFB6500B31C96 /* FirebaseAuthCombine-Community */ = {
			isa = XCSwiftPackageProductDependency;
			package = 31609780299DFB6500B31C96 /* XCRemoteSwiftPackageReference "firebase-ios-sdk" */;
			productName = "FirebaseAuthCombine-Community";
		};
		31609787299DFB6500B31C96 /* FirebaseDatabase */ = {
			isa = XCSwiftPackageProductDependency;
			package = 31609780299DFB6500B31C96 /* XCRemoteSwiftPackageReference "firebase-ios-sdk" */;
			productName = FirebaseDatabase;
		};
		31609789299DFB6500B31C96 /* FirebaseFirestore */ = {
			isa = XCSwiftPackageProductDependency;
			package = 31609780299DFB6500B31C96 /* XCRemoteSwiftPackageReference "firebase-ios-sdk" */;
			productName = FirebaseFirestore;
		};
		3160978B299DFB6500B31C96 /* FirebaseFirestoreCombine-Community */ = {
			isa = XCSwiftPackageProductDependency;
			package = 31609780299DFB6500B31C96 /* XCRemoteSwiftPackageReference "firebase-ios-sdk" */;
			productName = "FirebaseFirestoreCombine-Community";
		};
		3160978D299DFB6500B31C96 /* FirebaseFirestoreSwift */ = {
			isa = XCSwiftPackageProductDependency;
			package = 31609780299DFB6500B31C96 /* XCRemoteSwiftPackageReference "firebase-ios-sdk" */;
			productName = FirebaseFirestoreSwift;
		};
		3160978F299DFB6500B31C96 /* FirebaseStorage */ = {
			isa = XCSwiftPackageProductDependency;
			package = 31609780299DFB6500B31C96 /* XCRemoteSwiftPackageReference "firebase-ios-sdk" */;
			productName = FirebaseStorage;
		};
		31609791299DFB6500B31C96 /* FirebaseStorageCombine-Community */ = {
			isa = XCSwiftPackageProductDependency;
			package = 31609780299DFB6500B31C96 /* XCRemoteSwiftPackageReference "firebase-ios-sdk" */;
			productName = "FirebaseStorageCombine-Community";
		};
		3160979E299E09F400B31C96 /* Resolver */ = {
			isa = XCSwiftPackageProductDependency;
			package = 3160979D299E09F400B31C96 /* XCRemoteSwiftPackageReference "Resolver" */;
			productName = Resolver;
		};
		31FEBDBD299F69D900D8BB95 /* RswiftLibrary */ = {
			isa = XCSwiftPackageProductDependency;
			package = 310F0E5B299F686A0097CA71 /* XCRemoteSwiftPackageReference "R" */;
			productName = RswiftLibrary;
		};
		31FEBDBF299F69EC00D8BB95 /* RswiftGenerateInternalResources */ = {
			isa = XCSwiftPackageProductDependency;
			productName = "plugin:RswiftGenerateInternalResources";
		};
/* End XCSwiftPackageProductDependency section */

/* Begin XCVersionGroup section */
		3109FBA4299CB0BF00A256CE /* TwiterApp.xcdatamodeld */ = {
			isa = XCVersionGroup;
			children = (
				3109FBA5299CB0BF00A256CE /* TwiterApp.xcdatamodel */,
			);
			currentVersion = 3109FBA5299CB0BF00A256CE /* TwiterApp.xcdatamodel */;
			path = TwiterApp.xcdatamodeld;
			sourceTree = "<group>";
			versionGroupType = wrapper.xcdatamodel;
		};
/* End XCVersionGroup section */
	};
	rootObject = 3109FB90299CB0BE00A256CE /* Project object */;
}
