// !$*UTF8*$!
{
	archiveVersion = 1;
	classes = {
	};
	objectVersion = 56;
	objects = {

/* Begin PBXBuildFile section */
		31038F0029A06F3A0005D7BA /* Tweet.swift in Sources */ = {isa = PBXBuildFile; fileRef = 31038EFF29A06F3A0005D7BA /* Tweet.swift */; };
		3109FB9C299CB0BF00A256CE /* AppDelegate.swift in Sources */ = {isa = PBXBuildFile; fileRef = 3109FB9B299CB0BF00A256CE /* AppDelegate.swift */; };
		3109FBA8299CB0C000A256CE /* Assets.xcassets in Resources */ = {isa = PBXBuildFile; fileRef = 3109FBA7299CB0C000A256CE /* Assets.xcassets */; };
		3109FBAB299CB0C000A256CE /* LaunchScreen.storyboard in Resources */ = {isa = PBXBuildFile; fileRef = 3109FBA9299CB0C000A256CE /* LaunchScreen.storyboard */; };
		3109FC1A299CB71900A256CE /* BaseNaviViewController.swift in Sources */ = {isa = PBXBuildFile; fileRef = 3109FC19299CB71900A256CE /* BaseNaviViewController.swift */; };
		310F0E37299E15770097CA71 /* BaseNaviViewModel.swift in Sources */ = {isa = PBXBuildFile; fileRef = 310F0E36299E15770097CA71 /* BaseNaviViewModel.swift */; };
		310F0E3B299E4FA30097CA71 /* LayoutConstant.swift in Sources */ = {isa = PBXBuildFile; fileRef = 310F0E3A299E4FA30097CA71 /* LayoutConstant.swift */; };
		310F0E3F299E50DB0097CA71 /* CustomTextField.swift in Sources */ = {isa = PBXBuildFile; fileRef = 310F0E3E299E50DB0097CA71 /* CustomTextField.swift */; };
		310F0E41299E5B4D0097CA71 /* CustomView.swift in Sources */ = {isa = PBXBuildFile; fileRef = 310F0E40299E5B4D0097CA71 /* CustomView.swift */; };
		310F0E43299E5DE90097CA71 /* CustomLabel.swift in Sources */ = {isa = PBXBuildFile; fileRef = 310F0E42299E5DE90097CA71 /* CustomLabel.swift */; };
		310F0E45299E657D0097CA71 /* CreateAccountViewController.swift in Sources */ = {isa = PBXBuildFile; fileRef = 310F0E44299E657D0097CA71 /* CreateAccountViewController.swift */; };
		310F0E47299E66520097CA71 /* CustomButton.swift in Sources */ = {isa = PBXBuildFile; fileRef = 310F0E46299E66520097CA71 /* CustomButton.swift */; };
		310F0E49299F075A0097CA71 /* LoginViewModel.swift in Sources */ = {isa = PBXBuildFile; fileRef = 310F0E48299F075A0097CA71 /* LoginViewModel.swift */; };
		310F0E4B299F124F0097CA71 /* CustomImageView.swift in Sources */ = {isa = PBXBuildFile; fileRef = 310F0E4A299F124F0097CA71 /* CustomImageView.swift */; };
		310F0E4F299F48000097CA71 /* CreateAccountViewModel.swift in Sources */ = {isa = PBXBuildFile; fileRef = 310F0E4E299F48000097CA71 /* CreateAccountViewModel.swift */; };
		310F0E51299F564D0097CA71 /* String+Extenstion.swift in Sources */ = {isa = PBXBuildFile; fileRef = 310F0E50299F564D0097CA71 /* String+Extenstion.swift */; };
		310F0E53299F58370097CA71 /* CustomIndicatorView.swift in Sources */ = {isa = PBXBuildFile; fileRef = 310F0E52299F58370097CA71 /* CustomIndicatorView.swift */; };
		310F0E55299F64130097CA71 /* Localizable.strings in Resources */ = {isa = PBXBuildFile; fileRef = 310F0E57299F64130097CA71 /* Localizable.strings */; };
		3160976A299DF26A00B31C96 /* GoogleService-Info.plist in Resources */ = {isa = PBXBuildFile; fileRef = 31609769299DF26A00B31C96 /* GoogleService-Info.plist */; };
		31609784299DFB6500B31C96 /* FirebaseAuth in Frameworks */ = {isa = PBXBuildFile; productRef = 31609783299DFB6500B31C96 /* FirebaseAuth */; };
		31609788299DFB6500B31C96 /* FirebaseDatabase in Frameworks */ = {isa = PBXBuildFile; productRef = 31609787299DFB6500B31C96 /* FirebaseDatabase */; };
		31609790299DFB6500B31C96 /* FirebaseStorage in Frameworks */ = {isa = PBXBuildFile; productRef = 3160978F299DFB6500B31C96 /* FirebaseStorage */; };
		31609799299DFE9000B31C96 /* AuthService.swift in Sources */ = {isa = PBXBuildFile; fileRef = 31609798299DFE9000B31C96 /* AuthService.swift */; };
		3160979F299E09F400B31C96 /* Resolver in Frameworks */ = {isa = PBXBuildFile; productRef = 3160979E299E09F400B31C96 /* Resolver */; };
		316097A1299E0A5700B31C96 /* Resolver+Injection.swift in Sources */ = {isa = PBXBuildFile; fileRef = 316097A0299E0A5700B31C96 /* Resolver+Injection.swift */; };
		316097A4299E0B6700B31C96 /* AuthRepository.swift in Sources */ = {isa = PBXBuildFile; fileRef = 316097A3299E0B6700B31C96 /* AuthRepository.swift */; };
		316097AA299E10A900B31C96 /* LoginViewController.swift in Sources */ = {isa = PBXBuildFile; fileRef = 316097A9299E10A900B31C96 /* LoginViewController.swift */; };
		316097AE299E125100B31C96 /* Colors.xcassets in Resources */ = {isa = PBXBuildFile; fileRef = 316097AD299E125100B31C96 /* Colors.xcassets */; };
		319B8CBD29A12DD100356AEC /* Date+Extension.swift in Sources */ = {isa = PBXBuildFile; fileRef = 319B8CBC29A12DD100356AEC /* Date+Extension.swift */; };
		31C41F0C29A306A6008F149D /* PostRepositoryProtocol+Extension.swift in Sources */ = {isa = PBXBuildFile; fileRef = 31C41F0B29A306A6008F149D /* PostRepositoryProtocol+Extension.swift */; };
		31C41F0F29A30716008F149D /* AuthRepositoryProtocol+Extension.swift in Sources */ = {isa = PBXBuildFile; fileRef = 31C41F0E29A30716008F149D /* AuthRepositoryProtocol+Extension.swift */; };
		31C41F1629A30A56008F149D /* HomeViewSnapshotTest.swift in Sources */ = {isa = PBXBuildFile; fileRef = 31C41F1529A30A56008F149D /* HomeViewSnapshotTest.swift */; };
		31C41F1929A30B52008F149D /* Tweet+Extension.swift in Sources */ = {isa = PBXBuildFile; fileRef = 31C41F1829A30B52008F149D /* Tweet+Extension.swift */; };
		31C41F1D29A30FA7008F149D /* FirebaseAuth in Frameworks */ = {isa = PBXBuildFile; productRef = 31C41F1C29A30FA7008F149D /* FirebaseAuth */; };
		31C41F1F29A30FAB008F149D /* FirebaseDatabase in Frameworks */ = {isa = PBXBuildFile; productRef = 31C41F1E29A30FAB008F149D /* FirebaseDatabase */; };
		31C41F2129A30FB0008F149D /* FirebaseStorage in Frameworks */ = {isa = PBXBuildFile; productRef = 31C41F2029A30FB0008F149D /* FirebaseStorage */; };
		31C41F2629A31158008F149D /* BaseNaviViewSnapshotTest.swift in Sources */ = {isa = PBXBuildFile; fileRef = 31C41F2529A31158008F149D /* BaseNaviViewSnapshotTest.swift */; };
		31C41F2829A313B9008F149D /* BaseNaviViewModelTest.swift in Sources */ = {isa = PBXBuildFile; fileRef = 31C41F2729A313B9008F149D /* BaseNaviViewModelTest.swift */; };
		31C41F2C29A31626008F149D /* WelcomeViewModelTest.swift in Sources */ = {isa = PBXBuildFile; fileRef = 31C41F2B29A31626008F149D /* WelcomeViewModelTest.swift */; };
		31C41F2F29A3172C008F149D /* LoginViewModelTest.swift in Sources */ = {isa = PBXBuildFile; fileRef = 31C41F2E29A3172C008F149D /* LoginViewModelTest.swift */; };
		31C41F3329A32527008F149D /* CreateAccountViewModelTest.swift in Sources */ = {isa = PBXBuildFile; fileRef = 31C41F3229A32527008F149D /* CreateAccountViewModelTest.swift */; };
		31C41F3629A32904008F149D /* HomeViewModelTest.swift in Sources */ = {isa = PBXBuildFile; fileRef = 31C41F3529A32904008F149D /* HomeViewModelTest.swift */; };
		31C41F3929A330F9008F149D /* Collection+Extension.swift in Sources */ = {isa = PBXBuildFile; fileRef = 31C41F3829A330F9008F149D /* Collection+Extension.swift */; };
		31C41F3C29A336FC008F149D /* PostViewModelTest.swift in Sources */ = {isa = PBXBuildFile; fileRef = 31C41F3B29A336FC008F149D /* PostViewModelTest.swift */; };
		31C675FC29A26CBB0059A0F5 /* WelcomeViewSnapshotTest.swift in Sources */ = {isa = PBXBuildFile; fileRef = 31C675FB29A26CBB0059A0F5 /* WelcomeViewSnapshotTest.swift */; };
		31C675FF29A26D470059A0F5 /* SnapshotTesting in Frameworks */ = {isa = PBXBuildFile; productRef = 31C675FE29A26D470059A0F5 /* SnapshotTesting */; };
		31C6761529A26F900059A0F5 /* LoginViewSnapshotTest.swift in Sources */ = {isa = PBXBuildFile; fileRef = 31C6761429A26F900059A0F5 /* LoginViewSnapshotTest.swift */; };
		31C6761829A26FE30059A0F5 /* CreateAccountViewSnapshotTest.swift in Sources */ = {isa = PBXBuildFile; fileRef = 31C6761729A26FE30059A0F5 /* CreateAccountViewSnapshotTest.swift */; };
		31C6761B29A270890059A0F5 /* PostViewSnapshotTest.swift in Sources */ = {isa = PBXBuildFile; fileRef = 31C6761A29A270890059A0F5 /* PostViewSnapshotTest.swift */; };
		31C6762329A273C80059A0F5 /* Resolver+Extension.swift in Sources */ = {isa = PBXBuildFile; fileRef = 31C6762229A273C80059A0F5 /* Resolver+Extension.swift */; };
		31D1EA62299F874C00DFDCCD /* HomeViewController.swift in Sources */ = {isa = PBXBuildFile; fileRef = 31D1EA61299F874C00DFDCCD /* HomeViewController.swift */; };
		31D1EA64299F879D00DFDCCD /* HomeViewModel.swift in Sources */ = {isa = PBXBuildFile; fileRef = 31D1EA63299F879D00DFDCCD /* HomeViewModel.swift */; };
		31D1EA69299F9C5700DFDCCD /* DBConstant.swift in Sources */ = {isa = PBXBuildFile; fileRef = 31D1EA68299F9C5700DFDCCD /* DBConstant.swift */; };
		31D1EA6C299F9D6B00DFDCCD /* StorageConstant.swift in Sources */ = {isa = PBXBuildFile; fileRef = 31D1EA6B299F9D6B00DFDCCD /* StorageConstant.swift */; };
		31D1EA6E299F9E3100DFDCCD /* DBService.swift in Sources */ = {isa = PBXBuildFile; fileRef = 31D1EA6D299F9E3100DFDCCD /* DBService.swift */; };
		31D1EA72299FA1D800DFDCCD /* PostRepository.swift in Sources */ = {isa = PBXBuildFile; fileRef = 31D1EA71299FA1D800DFDCCD /* PostRepository.swift */; };
		31D1EA76299FA5D700DFDCCD /* PostViewController.swift in Sources */ = {isa = PBXBuildFile; fileRef = 31D1EA75299FA5D700DFDCCD /* PostViewController.swift */; };
		31D1EA79299FA5E200DFDCCD /* PostViewModel.swift in Sources */ = {isa = PBXBuildFile; fileRef = 31D1EA78299FA5E200DFDCCD /* PostViewModel.swift */; };
		31D1EA7B299FC8BF00DFDCCD /* CustomTextView.swift in Sources */ = {isa = PBXBuildFile; fileRef = 31D1EA7A299FC8BF00DFDCCD /* CustomTextView.swift */; };
		31D1EA7F29A04C4400DFDCCD /* UIImage+Extension.swift in Sources */ = {isa = PBXBuildFile; fileRef = 31D1EA7E29A04C4400DFDCCD /* UIImage+Extension.swift */; };
		31D1EA8229A0547F00DFDCCD /* StorageService.swift in Sources */ = {isa = PBXBuildFile; fileRef = 31D1EA8129A0547F00DFDCCD /* StorageService.swift */; };
		31DF86D029A1236500B852D4 /* TweetCell.swift in Sources */ = {isa = PBXBuildFile; fileRef = 31DF86CF29A1236500B852D4 /* TweetCell.swift */; };
		31EE641529A13576008E8B0D /* Kingfisher in Frameworks */ = {isa = PBXBuildFile; productRef = 31EE641429A13576008E8B0D /* Kingfisher */; };
		31EE641829A1AFA3008E8B0D /* PhotoConstant.swift in Sources */ = {isa = PBXBuildFile; fileRef = 31EE641729A1AFA3008E8B0D /* PhotoConstant.swift */; };
		31FEBDBE299F69D900D8BB95 /* RswiftLibrary in Frameworks */ = {isa = PBXBuildFile; productRef = 31FEBDBD299F69D900D8BB95 /* RswiftLibrary */; };
		31FEBDC8299F6F6C00D8BB95 /* WelcomeViewController.swift in Sources */ = {isa = PBXBuildFile; fileRef = 31FEBDC7299F6F6C00D8BB95 /* WelcomeViewController.swift */; };
		31FEBDCB299F6F8900D8BB95 /* WelcomeViewModel.swift in Sources */ = {isa = PBXBuildFile; fileRef = 31FEBDCA299F6F8900D8BB95 /* WelcomeViewModel.swift */; };
/* End PBXBuildFile section */

/* Begin PBXContainerItemProxy section */
		3109FBB2299CB0C000A256CE /* PBXContainerItemProxy */ = {
			isa = PBXContainerItemProxy;
			containerPortal = 3109FB90299CB0BE00A256CE /* Project object */;
			proxyType = 1;
			remoteGlobalIDString = 3109FB97299CB0BF00A256CE;
			remoteInfo = TwiterApp;
		};
/* End PBXContainerItemProxy section */

/* Begin PBXFileReference section */
		31038EFF29A06F3A0005D7BA /* Tweet.swift */ = {isa = PBXFileReference; lastKnownFileType = sourcecode.swift; path = Tweet.swift; sourceTree = "<group>"; };
		3109FB98299CB0BF00A256CE /* TwiterApp.app */ = {isa = PBXFileReference; explicitFileType = wrapper.application; includeInIndex = 0; path = TwiterApp.app; sourceTree = BUILT_PRODUCTS_DIR; };
		3109FB9B299CB0BF00A256CE /* AppDelegate.swift */ = {isa = PBXFileReference; lastKnownFileType = sourcecode.swift; path = AppDelegate.swift; sourceTree = "<group>"; };
		3109FBA7299CB0C000A256CE /* Assets.xcassets */ = {isa = PBXFileReference; lastKnownFileType = folder.assetcatalog; path = Assets.xcassets; sourceTree = "<group>"; };
		3109FBAA299CB0C000A256CE /* Base */ = {isa = PBXFileReference; lastKnownFileType = file.storyboard; name = Base; path = Base.lproj/LaunchScreen.storyboard; sourceTree = "<group>"; };
		3109FBAC299CB0C000A256CE /* Info.plist */ = {isa = PBXFileReference; lastKnownFileType = text.plist.xml; path = Info.plist; sourceTree = "<group>"; };
		3109FBB1299CB0C000A256CE /* TwiterAppTests.xctest */ = {isa = PBXFileReference; explicitFileType = wrapper.cfbundle; includeInIndex = 0; path = TwiterAppTests.xctest; sourceTree = BUILT_PRODUCTS_DIR; };
		3109FC19299CB71900A256CE /* BaseNaviViewController.swift */ = {isa = PBXFileReference; lastKnownFileType = sourcecode.swift; path = BaseNaviViewController.swift; sourceTree = "<group>"; };
		310F0E36299E15770097CA71 /* BaseNaviViewModel.swift */ = {isa = PBXFileReference; lastKnownFileType = sourcecode.swift; path = BaseNaviViewModel.swift; sourceTree = "<group>"; };
		310F0E3A299E4FA30097CA71 /* LayoutConstant.swift */ = {isa = PBXFileReference; lastKnownFileType = sourcecode.swift; path = LayoutConstant.swift; sourceTree = "<group>"; };
		310F0E3E299E50DB0097CA71 /* CustomTextField.swift */ = {isa = PBXFileReference; lastKnownFileType = sourcecode.swift; path = CustomTextField.swift; sourceTree = "<group>"; };
		310F0E40299E5B4D0097CA71 /* CustomView.swift */ = {isa = PBXFileReference; lastKnownFileType = sourcecode.swift; path = CustomView.swift; sourceTree = "<group>"; };
		310F0E42299E5DE90097CA71 /* CustomLabel.swift */ = {isa = PBXFileReference; lastKnownFileType = sourcecode.swift; path = CustomLabel.swift; sourceTree = "<group>"; };
		310F0E44299E657D0097CA71 /* CreateAccountViewController.swift */ = {isa = PBXFileReference; lastKnownFileType = sourcecode.swift; path = CreateAccountViewController.swift; sourceTree = "<group>"; };
		310F0E46299E66520097CA71 /* CustomButton.swift */ = {isa = PBXFileReference; lastKnownFileType = sourcecode.swift; path = CustomButton.swift; sourceTree = "<group>"; };
		310F0E48299F075A0097CA71 /* LoginViewModel.swift */ = {isa = PBXFileReference; lastKnownFileType = sourcecode.swift; path = LoginViewModel.swift; sourceTree = "<group>"; };
		310F0E4A299F124F0097CA71 /* CustomImageView.swift */ = {isa = PBXFileReference; lastKnownFileType = sourcecode.swift; path = CustomImageView.swift; sourceTree = "<group>"; };
		310F0E4E299F48000097CA71 /* CreateAccountViewModel.swift */ = {isa = PBXFileReference; lastKnownFileType = sourcecode.swift; path = CreateAccountViewModel.swift; sourceTree = "<group>"; };
		310F0E50299F564D0097CA71 /* String+Extenstion.swift */ = {isa = PBXFileReference; lastKnownFileType = sourcecode.swift; path = "String+Extenstion.swift"; sourceTree = "<group>"; };
		310F0E52299F58370097CA71 /* CustomIndicatorView.swift */ = {isa = PBXFileReference; lastKnownFileType = sourcecode.swift; path = CustomIndicatorView.swift; sourceTree = "<group>"; };
		310F0E56299F64130097CA71 /* en */ = {isa = PBXFileReference; lastKnownFileType = text.plist.strings; name = en; path = en.lproj/Localizable.strings; sourceTree = "<group>"; };
		31609769299DF26A00B31C96 /* GoogleService-Info.plist */ = {isa = PBXFileReference; fileEncoding = 4; lastKnownFileType = text.plist.xml; path = "GoogleService-Info.plist"; sourceTree = "<group>"; };
		31609798299DFE9000B31C96 /* AuthService.swift */ = {isa = PBXFileReference; lastKnownFileType = sourcecode.swift; path = AuthService.swift; sourceTree = "<group>"; };
		316097A0299E0A5700B31C96 /* Resolver+Injection.swift */ = {isa = PBXFileReference; lastKnownFileType = sourcecode.swift; path = "Resolver+Injection.swift"; sourceTree = "<group>"; };
		316097A3299E0B6700B31C96 /* AuthRepository.swift */ = {isa = PBXFileReference; lastKnownFileType = sourcecode.swift; path = AuthRepository.swift; sourceTree = "<group>"; };
		316097A9299E10A900B31C96 /* LoginViewController.swift */ = {isa = PBXFileReference; lastKnownFileType = sourcecode.swift; path = LoginViewController.swift; sourceTree = "<group>"; };
		316097AD299E125100B31C96 /* Colors.xcassets */ = {isa = PBXFileReference; lastKnownFileType = folder.assetcatalog; path = Colors.xcassets; sourceTree = "<group>"; };
		319B8CBC29A12DD100356AEC /* Date+Extension.swift */ = {isa = PBXFileReference; lastKnownFileType = sourcecode.swift; path = "Date+Extension.swift"; sourceTree = "<group>"; };
		31C41F0B29A306A6008F149D /* PostRepositoryProtocol+Extension.swift */ = {isa = PBXFileReference; lastKnownFileType = sourcecode.swift; path = "PostRepositoryProtocol+Extension.swift"; sourceTree = "<group>"; };
		31C41F0E29A30716008F149D /* AuthRepositoryProtocol+Extension.swift */ = {isa = PBXFileReference; lastKnownFileType = sourcecode.swift; path = "AuthRepositoryProtocol+Extension.swift"; sourceTree = "<group>"; };
		31C41F1529A30A56008F149D /* HomeViewSnapshotTest.swift */ = {isa = PBXFileReference; lastKnownFileType = sourcecode.swift; path = HomeViewSnapshotTest.swift; sourceTree = "<group>"; };
		31C41F1829A30B52008F149D /* Tweet+Extension.swift */ = {isa = PBXFileReference; lastKnownFileType = sourcecode.swift; path = "Tweet+Extension.swift"; sourceTree = "<group>"; };
		31C41F2529A31158008F149D /* BaseNaviViewSnapshotTest.swift */ = {isa = PBXFileReference; lastKnownFileType = sourcecode.swift; path = BaseNaviViewSnapshotTest.swift; sourceTree = "<group>"; };
		31C41F2729A313B9008F149D /* BaseNaviViewModelTest.swift */ = {isa = PBXFileReference; lastKnownFileType = sourcecode.swift; path = BaseNaviViewModelTest.swift; sourceTree = "<group>"; };
		31C41F2B29A31626008F149D /* WelcomeViewModelTest.swift */ = {isa = PBXFileReference; lastKnownFileType = sourcecode.swift; path = WelcomeViewModelTest.swift; sourceTree = "<group>"; };
		31C41F2E29A3172C008F149D /* LoginViewModelTest.swift */ = {isa = PBXFileReference; lastKnownFileType = sourcecode.swift; path = LoginViewModelTest.swift; sourceTree = "<group>"; };
		31C41F3229A32527008F149D /* CreateAccountViewModelTest.swift */ = {isa = PBXFileReference; lastKnownFileType = sourcecode.swift; path = CreateAccountViewModelTest.swift; sourceTree = "<group>"; };
		31C41F3529A32904008F149D /* HomeViewModelTest.swift */ = {isa = PBXFileReference; lastKnownFileType = sourcecode.swift; path = HomeViewModelTest.swift; sourceTree = "<group>"; };
		31C41F3829A330F9008F149D /* Collection+Extension.swift */ = {isa = PBXFileReference; lastKnownFileType = sourcecode.swift; path = "Collection+Extension.swift"; sourceTree = "<group>"; };
		31C41F3B29A336FC008F149D /* PostViewModelTest.swift */ = {isa = PBXFileReference; lastKnownFileType = sourcecode.swift; path = PostViewModelTest.swift; sourceTree = "<group>"; };
		31C675FB29A26CBB0059A0F5 /* WelcomeViewSnapshotTest.swift */ = {isa = PBXFileReference; lastKnownFileType = sourcecode.swift; path = WelcomeViewSnapshotTest.swift; sourceTree = "<group>"; };
		31C6761429A26F900059A0F5 /* LoginViewSnapshotTest.swift */ = {isa = PBXFileReference; lastKnownFileType = sourcecode.swift; path = LoginViewSnapshotTest.swift; sourceTree = "<group>"; };
		31C6761729A26FE30059A0F5 /* CreateAccountViewSnapshotTest.swift */ = {isa = PBXFileReference; lastKnownFileType = sourcecode.swift; path = CreateAccountViewSnapshotTest.swift; sourceTree = "<group>"; };
		31C6761A29A270890059A0F5 /* PostViewSnapshotTest.swift */ = {isa = PBXFileReference; lastKnownFileType = sourcecode.swift; path = PostViewSnapshotTest.swift; sourceTree = "<group>"; };
		31C6762229A273C80059A0F5 /* Resolver+Extension.swift */ = {isa = PBXFileReference; lastKnownFileType = sourcecode.swift; path = "Resolver+Extension.swift"; sourceTree = "<group>"; };
		31D1EA61299F874C00DFDCCD /* HomeViewController.swift */ = {isa = PBXFileReference; lastKnownFileType = sourcecode.swift; path = HomeViewController.swift; sourceTree = "<group>"; };
		31D1EA63299F879D00DFDCCD /* HomeViewModel.swift */ = {isa = PBXFileReference; lastKnownFileType = sourcecode.swift; path = HomeViewModel.swift; sourceTree = "<group>"; };
		31D1EA68299F9C5700DFDCCD /* DBConstant.swift */ = {isa = PBXFileReference; lastKnownFileType = sourcecode.swift; path = DBConstant.swift; sourceTree = "<group>"; };
		31D1EA6B299F9D6B00DFDCCD /* StorageConstant.swift */ = {isa = PBXFileReference; lastKnownFileType = sourcecode.swift; path = StorageConstant.swift; sourceTree = "<group>"; };
		31D1EA6D299F9E3100DFDCCD /* DBService.swift */ = {isa = PBXFileReference; lastKnownFileType = sourcecode.swift; path = DBService.swift; sourceTree = "<group>"; };
		31D1EA71299FA1D800DFDCCD /* PostRepository.swift */ = {isa = PBXFileReference; lastKnownFileType = sourcecode.swift; path = PostRepository.swift; sourceTree = "<group>"; };
		31D1EA75299FA5D700DFDCCD /* PostViewController.swift */ = {isa = PBXFileReference; lastKnownFileType = sourcecode.swift; path = PostViewController.swift; sourceTree = "<group>"; };
		31D1EA78299FA5E200DFDCCD /* PostViewModel.swift */ = {isa = PBXFileReference; lastKnownFileType = sourcecode.swift; path = PostViewModel.swift; sourceTree = "<group>"; };
		31D1EA7A299FC8BF00DFDCCD /* CustomTextView.swift */ = {isa = PBXFileReference; lastKnownFileType = sourcecode.swift; path = CustomTextView.swift; sourceTree = "<group>"; };
		31D1EA7E29A04C4400DFDCCD /* UIImage+Extension.swift */ = {isa = PBXFileReference; lastKnownFileType = sourcecode.swift; path = "UIImage+Extension.swift"; sourceTree = "<group>"; };
		31D1EA8129A0547F00DFDCCD /* StorageService.swift */ = {isa = PBXFileReference; lastKnownFileType = sourcecode.swift; path = StorageService.swift; sourceTree = "<group>"; };
		31DF86CF29A1236500B852D4 /* TweetCell.swift */ = {isa = PBXFileReference; lastKnownFileType = sourcecode.swift; path = TweetCell.swift; sourceTree = "<group>"; };
		31EE641729A1AFA3008E8B0D /* PhotoConstant.swift */ = {isa = PBXFileReference; lastKnownFileType = sourcecode.swift; path = PhotoConstant.swift; sourceTree = "<group>"; };
		31FEBDC7299F6F6C00D8BB95 /* WelcomeViewController.swift */ = {isa = PBXFileReference; lastKnownFileType = sourcecode.swift; path = WelcomeViewController.swift; sourceTree = "<group>"; };
		31FEBDCA299F6F8900D8BB95 /* WelcomeViewModel.swift */ = {isa = PBXFileReference; lastKnownFileType = sourcecode.swift; path = WelcomeViewModel.swift; sourceTree = "<group>"; };
/* End PBXFileReference section */

/* Begin PBXFrameworksBuildPhase section */
		3109FB95299CB0BF00A256CE /* Frameworks */ = {
			isa = PBXFrameworksBuildPhase;
			buildActionMask = 2147483647;
			files = (
				31EE641529A13576008E8B0D /* Kingfisher in Frameworks */,
				31FEBDBE299F69D900D8BB95 /* RswiftLibrary in Frameworks */,
				31609788299DFB6500B31C96 /* FirebaseDatabase in Frameworks */,
				31609790299DFB6500B31C96 /* FirebaseStorage in Frameworks */,
				3160979F299E09F400B31C96 /* Resolver in Frameworks */,
				31609784299DFB6500B31C96 /* FirebaseAuth in Frameworks */,
			);
			runOnlyForDeploymentPostprocessing = 0;
		};
		3109FBAE299CB0C000A256CE /* Frameworks */ = {
			isa = PBXFrameworksBuildPhase;
			buildActionMask = 2147483647;
			files = (
				31C41F1F29A30FAB008F149D /* FirebaseDatabase in Frameworks */,
				31C41F2129A30FB0008F149D /* FirebaseStorage in Frameworks */,
				31C675FF29A26D470059A0F5 /* SnapshotTesting in Frameworks */,
				31C41F1D29A30FA7008F149D /* FirebaseAuth in Frameworks */,
			);
			runOnlyForDeploymentPostprocessing = 0;
		};
/* End PBXFrameworksBuildPhase section */

/* Begin PBXGroup section */
		31038EFD29A06F2B0005D7BA /* Model */ = {
			isa = PBXGroup;
			children = (
				31038EFF29A06F3A0005D7BA /* Tweet.swift */,
			);
			path = Model;
			sourceTree = "<group>";
		};
		3109FB8F299CB0BE00A256CE = {
			isa = PBXGroup;
			children = (
				3109FB9A299CB0BF00A256CE /* TwiterApp */,
				3109FBB4299CB0C000A256CE /* TwiterAppTests */,
				3109FB99299CB0BF00A256CE /* Products */,
				31FEBDBC299F69D900D8BB95 /* Frameworks */,
			);
			sourceTree = "<group>";
		};
		3109FB99299CB0BF00A256CE /* Products */ = {
			isa = PBXGroup;
			children = (
				3109FB98299CB0BF00A256CE /* TwiterApp.app */,
				3109FBB1299CB0C000A256CE /* TwiterAppTests.xctest */,
			);
			name = Products;
			sourceTree = "<group>";
		};
		3109FB9A299CB0BF00A256CE /* TwiterApp */ = {
			isa = PBXGroup;
			children = (
				310F0E38299E4EA90097CA71 /* Constant */,
				3109FBD9299CB36300A256CE /* App */,
				3109FBD8299CB35500A256CE /* Core */,
				3109FBCE299CB1E200A256CE /* Resource */,
				3109FBD6299CB28A00A256CE /* Support */,
			);
			path = TwiterApp;
			sourceTree = "<group>";
		};
		3109FBB4299CB0C000A256CE /* TwiterAppTests */ = {
			isa = PBXGroup;
			children = (
				31C41F0A29A30686008F149D /* Mock */,
				31C6762129A273AE0059A0F5 /* Helper */,
				31EE642029A2696A008E8B0D /* SnapshoTest */,
				31EE641B29A26915008E8B0D /* ViewModel */,
				31EE641A29A26900008E8B0D /* Core */,
			);
			path = TwiterAppTests;
			sourceTree = "<group>";
		};
		3109FBCE299CB1E200A256CE /* Resource */ = {
			isa = PBXGroup;
			children = (
				3109FBCF299CB20200A256CE /* Languages */,
				3109FBA7299CB0C000A256CE /* Assets.xcassets */,
				316097AD299E125100B31C96 /* Colors.xcassets */,
			);
			path = Resource;
			sourceTree = "<group>";
		};
		3109FBCF299CB20200A256CE /* Languages */ = {
			isa = PBXGroup;
			children = (
				310F0E57299F64130097CA71 /* Localizable.strings */,
			);
			path = Languages;
			sourceTree = "<group>";
		};
		3109FBD1299CB23500A256CE /* Extension */ = {
			isa = PBXGroup;
			children = (
				310F0E50299F564D0097CA71 /* String+Extenstion.swift */,
				31D1EA7E29A04C4400DFDCCD /* UIImage+Extension.swift */,
				319B8CBC29A12DD100356AEC /* Date+Extension.swift */,
				31C41F3829A330F9008F149D /* Collection+Extension.swift */,
			);
			path = Extension;
			sourceTree = "<group>";
		};
		3109FBD3299CB24F00A256CE /* Service */ = {
			isa = PBXGroup;
			children = (
				31609798299DFE9000B31C96 /* AuthService.swift */,
				31D1EA6D299F9E3100DFDCCD /* DBService.swift */,
				31D1EA8129A0547F00DFDCCD /* StorageService.swift */,
			);
			path = Service;
			sourceTree = "<group>";
		};
		3109FBD4299CB25900A256CE /* Repository */ = {
			isa = PBXGroup;
			children = (
				316097A3299E0B6700B31C96 /* AuthRepository.swift */,
				31D1EA71299FA1D800DFDCCD /* PostRepository.swift */,
			);
			path = Repository;
			sourceTree = "<group>";
		};
		3109FBD5299CB28300A256CE /* Flow */ = {
			isa = PBXGroup;
			children = (
				310F0E3C299E50AE0097CA71 /* Component */,
				3109FBD7299CB29B00A256CE /* BaseNavi */,
				31FEBDC6299F6E0F00D8BB95 /* Welcome */,
				316097A5299E0E6600B31C96 /* Account */,
				31D1EA5F299F873B00DFDCCD /* Home */,
				31D1EA74299FA5C400DFDCCD /* Post */,
			);
			path = Flow;
			sourceTree = "<group>";
		};
		3109FBD6299CB28A00A256CE /* Support */ = {
			isa = PBXGroup;
			children = (
				3109FB9B299CB0BF00A256CE /* AppDelegate.swift */,
				3109FBA9299CB0C000A256CE /* LaunchScreen.storyboard */,
				3109FBAC299CB0C000A256CE /* Info.plist */,
				31609769299DF26A00B31C96 /* GoogleService-Info.plist */,
			);
			path = Support;
			sourceTree = "<group>";
		};
		3109FBD7299CB29B00A256CE /* BaseNavi */ = {
			isa = PBXGroup;
			children = (
				3109FC19299CB71900A256CE /* BaseNaviViewController.swift */,
				310F0E36299E15770097CA71 /* BaseNaviViewModel.swift */,
			);
			path = BaseNavi;
			sourceTree = "<group>";
		};
		3109FBD8299CB35500A256CE /* Core */ = {
			isa = PBXGroup;
			children = (
				31038EFD29A06F2B0005D7BA /* Model */,
				316097A2299E0B2A00B31C96 /* Injection */,
				3109FBD1299CB23500A256CE /* Extension */,
				3109FBD3299CB24F00A256CE /* Service */,
				3109FBD4299CB25900A256CE /* Repository */,
			);
			path = Core;
			sourceTree = "<group>";
		};
		3109FBD9299CB36300A256CE /* App */ = {
			isa = PBXGroup;
			children = (
				3109FBD5299CB28300A256CE /* Flow */,
			);
			path = App;
			sourceTree = "<group>";
		};
		310F0E38299E4EA90097CA71 /* Constant */ = {
			isa = PBXGroup;
			children = (
				31D1EA67299F9C4800DFDCCD /* DB */,
				310F0E39299E4F8E0097CA71 /* Layout */,
			);
			path = Constant;
			sourceTree = "<group>";
		};
		310F0E39299E4F8E0097CA71 /* Layout */ = {
			isa = PBXGroup;
			children = (
				310F0E3A299E4FA30097CA71 /* LayoutConstant.swift */,
			);
			path = Layout;
			sourceTree = "<group>";
		};
		310F0E3C299E50AE0097CA71 /* Component */ = {
			isa = PBXGroup;
			children = (
				310F0E3E299E50DB0097CA71 /* CustomTextField.swift */,
				31D1EA7A299FC8BF00DFDCCD /* CustomTextView.swift */,
				310F0E40299E5B4D0097CA71 /* CustomView.swift */,
				310F0E42299E5DE90097CA71 /* CustomLabel.swift */,
				310F0E46299E66520097CA71 /* CustomButton.swift */,
				310F0E4A299F124F0097CA71 /* CustomImageView.swift */,
				310F0E52299F58370097CA71 /* CustomIndicatorView.swift */,
			);
			path = Component;
			sourceTree = "<group>";
		};
		316097A2299E0B2A00B31C96 /* Injection */ = {
			isa = PBXGroup;
			children = (
				316097A0299E0A5700B31C96 /* Resolver+Injection.swift */,
			);
			path = Injection;
			sourceTree = "<group>";
		};
		316097A5299E0E6600B31C96 /* Account */ = {
			isa = PBXGroup;
			children = (
				316097A7299E0EB800B31C96 /* Login */,
				316097A6299E0EA100B31C96 /* CreateAccount */,
			);
			path = Account;
			sourceTree = "<group>";
		};
		316097A6299E0EA100B31C96 /* CreateAccount */ = {
			isa = PBXGroup;
			children = (
				310F0E44299E657D0097CA71 /* CreateAccountViewController.swift */,
				310F0E4E299F48000097CA71 /* CreateAccountViewModel.swift */,
			);
			path = CreateAccount;
			sourceTree = "<group>";
		};
		316097A7299E0EB800B31C96 /* Login */ = {
			isa = PBXGroup;
			children = (
				316097A9299E10A900B31C96 /* LoginViewController.swift */,
				310F0E48299F075A0097CA71 /* LoginViewModel.swift */,
			);
			path = Login;
			sourceTree = "<group>";
		};
		31C41F0A29A30686008F149D /* Mock */ = {
			isa = PBXGroup;
			children = (
				31C41F0B29A306A6008F149D /* PostRepositoryProtocol+Extension.swift */,
				31C41F0E29A30716008F149D /* AuthRepositoryProtocol+Extension.swift */,
				31C41F1829A30B52008F149D /* Tweet+Extension.swift */,
			);
			path = Mock;
			sourceTree = "<group>";
		};
		31C6762129A273AE0059A0F5 /* Helper */ = {
			isa = PBXGroup;
			children = (
				31C6762229A273C80059A0F5 /* Resolver+Extension.swift */,
			);
			path = Helper;
			sourceTree = "<group>";
		};
		31D1EA5F299F873B00DFDCCD /* Home */ = {
			isa = PBXGroup;
			children = (
				31DF86CE29A1235700B852D4 /* View */,
				31D1EA61299F874C00DFDCCD /* HomeViewController.swift */,
				31D1EA63299F879D00DFDCCD /* HomeViewModel.swift */,
			);
			path = Home;
			sourceTree = "<group>";
		};
		31D1EA67299F9C4800DFDCCD /* DB */ = {
			isa = PBXGroup;
			children = (
				31D1EA68299F9C5700DFDCCD /* DBConstant.swift */,
				31D1EA6B299F9D6B00DFDCCD /* StorageConstant.swift */,
				31EE641729A1AFA3008E8B0D /* PhotoConstant.swift */,
			);
			path = DB;
			sourceTree = "<group>";
		};
		31D1EA74299FA5C400DFDCCD /* Post */ = {
			isa = PBXGroup;
			children = (
				31D1EA75299FA5D700DFDCCD /* PostViewController.swift */,
				31D1EA78299FA5E200DFDCCD /* PostViewModel.swift */,
			);
			path = Post;
			sourceTree = "<group>";
		};
		31DF86CE29A1235700B852D4 /* View */ = {
			isa = PBXGroup;
			children = (
				31DF86CF29A1236500B852D4 /* TweetCell.swift */,
			);
			path = View;
			sourceTree = "<group>";
		};
		31EE641A29A26900008E8B0D /* Core */ = {
			isa = PBXGroup;
			children = (
				31EE641E29A2694D008E8B0D /* Repository */,
				31EE641D29A26945008E8B0D /* Extension */,
			);
			path = Core;
			sourceTree = "<group>";
		};
		31EE641B29A26915008E8B0D /* ViewModel */ = {
			isa = PBXGroup;
			children = (
				31C41F2729A313B9008F149D /* BaseNaviViewModelTest.swift */,
				31C41F2B29A31626008F149D /* WelcomeViewModelTest.swift */,
				31C41F2E29A3172C008F149D /* LoginViewModelTest.swift */,
				31C41F3229A32527008F149D /* CreateAccountViewModelTest.swift */,
				31C41F3529A32904008F149D /* HomeViewModelTest.swift */,
				31C41F3B29A336FC008F149D /* PostViewModelTest.swift */,
			);
			path = ViewModel;
			sourceTree = "<group>";
		};
		31EE641D29A26945008E8B0D /* Extension */ = {
			isa = PBXGroup;
			children = (
			);
			path = Extension;
			sourceTree = "<group>";
		};
		31EE641E29A2694D008E8B0D /* Repository */ = {
			isa = PBXGroup;
			children = (
			);
			path = Repository;
			sourceTree = "<group>";
		};
		31EE642029A2696A008E8B0D /* SnapshoTest */ = {
			isa = PBXGroup;
			children = (
				31C41F2529A31158008F149D /* BaseNaviViewSnapshotTest.swift */,
				31C675FB29A26CBB0059A0F5 /* WelcomeViewSnapshotTest.swift */,
				31C6761429A26F900059A0F5 /* LoginViewSnapshotTest.swift */,
				31C6761729A26FE30059A0F5 /* CreateAccountViewSnapshotTest.swift */,
				31C6761A29A270890059A0F5 /* PostViewSnapshotTest.swift */,
				31C41F1529A30A56008F149D /* HomeViewSnapshotTest.swift */,
			);
			path = SnapshoTest;
			sourceTree = "<group>";
		};
		31FEBDBC299F69D900D8BB95 /* Frameworks */ = {
			isa = PBXGroup;
			children = (
			);
			name = Frameworks;
			sourceTree = "<group>";
		};
		31FEBDC6299F6E0F00D8BB95 /* Welcome */ = {
			isa = PBXGroup;
			children = (
				31FEBDC7299F6F6C00D8BB95 /* WelcomeViewController.swift */,
				31FEBDCA299F6F8900D8BB95 /* WelcomeViewModel.swift */,
			);
			path = Welcome;
			sourceTree = "<group>";
		};
/* End PBXGroup section */

/* Begin PBXNativeTarget section */
		3109FB97299CB0BF00A256CE /* TwiterApp */ = {
			isa = PBXNativeTarget;
			buildConfigurationList = 3109FBC5299CB0C000A256CE /* Build configuration list for PBXNativeTarget "TwiterApp" */;
			buildPhases = (
				3109FB94299CB0BF00A256CE /* Sources */,
				3109FB95299CB0BF00A256CE /* Frameworks */,
				3109FB96299CB0BF00A256CE /* Resources */,
			);
			buildRules = (
			);
			dependencies = (
				31FEBDC0299F69EC00D8BB95 /* PBXTargetDependency */,
			);
			name = TwiterApp;
			packageProductDependencies = (
				31609783299DFB6500B31C96 /* FirebaseAuth */,
				31609787299DFB6500B31C96 /* FirebaseDatabase */,
				3160978F299DFB6500B31C96 /* FirebaseStorage */,
				3160979E299E09F400B31C96 /* Resolver */,
				31FEBDBD299F69D900D8BB95 /* RswiftLibrary */,
				31EE641429A13576008E8B0D /* Kingfisher */,
			);
			productName = TwiterApp;
			productReference = 3109FB98299CB0BF00A256CE /* TwiterApp.app */;
			productType = "com.apple.product-type.application";
		};
		3109FBB0299CB0C000A256CE /* TwiterAppTests */ = {
			isa = PBXNativeTarget;
			buildConfigurationList = 3109FBC8299CB0C000A256CE /* Build configuration list for PBXNativeTarget "TwiterAppTests" */;
			buildPhases = (
				3109FBAD299CB0C000A256CE /* Sources */,
				3109FBAE299CB0C000A256CE /* Frameworks */,
				3109FBAF299CB0C000A256CE /* Resources */,
			);
			buildRules = (
			);
			dependencies = (
				3109FBB3299CB0C000A256CE /* PBXTargetDependency */,
			);
			name = TwiterAppTests;
			packageProductDependencies = (
				31C675FE29A26D470059A0F5 /* SnapshotTesting */,
				31C41F1C29A30FA7008F149D /* FirebaseAuth */,
				31C41F1E29A30FAB008F149D /* FirebaseDatabase */,
				31C41F2029A30FB0008F149D /* FirebaseStorage */,
			);
			productName = TwiterAppTests;
			productReference = 3109FBB1299CB0C000A256CE /* TwiterAppTests.xctest */;
			productType = "com.apple.product-type.bundle.unit-test";
		};
/* End PBXNativeTarget section */

/* Begin PBXProject section */
		3109FB90299CB0BE00A256CE /* Project object */ = {
			isa = PBXProject;
			attributes = {
				BuildIndependentTargetsInParallel = 1;
				LastSwiftUpdateCheck = 1410;
				LastUpgradeCheck = 1410;
				TargetAttributes = {
					3109FB97299CB0BF00A256CE = {
						CreatedOnToolsVersion = 14.1;
					};
					3109FBB0299CB0C000A256CE = {
						CreatedOnToolsVersion = 14.1;
						TestTargetID = 3109FB97299CB0BF00A256CE;
					};
				};
			};
			buildConfigurationList = 3109FB93299CB0BE00A256CE /* Build configuration list for PBXProject "TwiterApp" */;
			compatibilityVersion = "Xcode 14.0";
			developmentRegion = en;
			hasScannedForEncodings = 0;
			knownRegions = (
				en,
				Base,
			);
			mainGroup = 3109FB8F299CB0BE00A256CE;
			packageReferences = (
				31609780299DFB6500B31C96 /* XCRemoteSwiftPackageReference "firebase-ios-sdk" */,
				3160979D299E09F400B31C96 /* XCRemoteSwiftPackageReference "Resolver" */,
				310F0E5B299F686A0097CA71 /* XCRemoteSwiftPackageReference "R" */,
				31EE641329A13576008E8B0D /* XCRemoteSwiftPackageReference "Kingfisher" */,
				31C675FD29A26D470059A0F5 /* XCRemoteSwiftPackageReference "swift-snapshot-testing" */,
			);
			productRefGroup = 3109FB99299CB0BF00A256CE /* Products */;
			projectDirPath = "";
			projectRoot = "";
			targets = (
				3109FB97299CB0BF00A256CE /* TwiterApp */,
				3109FBB0299CB0C000A256CE /* TwiterAppTests */,
			);
		};
/* End PBXProject section */

/* Begin PBXResourcesBuildPhase section */
		3109FB96299CB0BF00A256CE /* Resources */ = {
			isa = PBXResourcesBuildPhase;
			buildActionMask = 2147483647;
			files = (
				316097AE299E125100B31C96 /* Colors.xcassets in Resources */,
				3109FBAB299CB0C000A256CE /* LaunchScreen.storyboard in Resources */,
				310F0E55299F64130097CA71 /* Localizable.strings in Resources */,
				3160976A299DF26A00B31C96 /* GoogleService-Info.plist in Resources */,
				3109FBA8299CB0C000A256CE /* Assets.xcassets in Resources */,
			);
			runOnlyForDeploymentPostprocessing = 0;
		};
		3109FBAF299CB0C000A256CE /* Resources */ = {
			isa = PBXResourcesBuildPhase;
			buildActionMask = 2147483647;
			files = (
			);
			runOnlyForDeploymentPostprocessing = 0;
		};
/* End PBXResourcesBuildPhase section */

/* Begin PBXSourcesBuildPhase section */
		3109FB94299CB0BF00A256CE /* Sources */ = {
			isa = PBXSourcesBuildPhase;
			buildActionMask = 2147483647;
			files = (
				310F0E41299E5B4D0097CA71 /* CustomView.swift in Sources */,
				31D1EA8229A0547F00DFDCCD /* StorageService.swift in Sources */,
				31FEBDC8299F6F6C00D8BB95 /* WelcomeViewController.swift in Sources */,
				316097AA299E10A900B31C96 /* LoginViewController.swift in Sources */,
				31609799299DFE9000B31C96 /* AuthService.swift in Sources */,
				3109FB9C299CB0BF00A256CE /* AppDelegate.swift in Sources */,
				31D1EA64299F879D00DFDCCD /* HomeViewModel.swift in Sources */,
				31D1EA6E299F9E3100DFDCCD /* DBService.swift in Sources */,
				310F0E37299E15770097CA71 /* BaseNaviViewModel.swift in Sources */,
				319B8CBD29A12DD100356AEC /* Date+Extension.swift in Sources */,
				31D1EA79299FA5E200DFDCCD /* PostViewModel.swift in Sources */,
				31D1EA6C299F9D6B00DFDCCD /* StorageConstant.swift in Sources */,
				31D1EA69299F9C5700DFDCCD /* DBConstant.swift in Sources */,
				31D1EA62299F874C00DFDCCD /* HomeViewController.swift in Sources */,
				31EE641829A1AFA3008E8B0D /* PhotoConstant.swift in Sources */,
				310F0E45299E657D0097CA71 /* CreateAccountViewController.swift in Sources */,
				310F0E3F299E50DB0097CA71 /* CustomTextField.swift in Sources */,
				31DF86D029A1236500B852D4 /* TweetCell.swift in Sources */,
				31038F0029A06F3A0005D7BA /* Tweet.swift in Sources */,
				316097A4299E0B6700B31C96 /* AuthRepository.swift in Sources */,
				31FEBDCB299F6F8900D8BB95 /* WelcomeViewModel.swift in Sources */,
				310F0E53299F58370097CA71 /* CustomIndicatorView.swift in Sources */,
				310F0E4F299F48000097CA71 /* CreateAccountViewModel.swift in Sources */,
				310F0E43299E5DE90097CA71 /* CustomLabel.swift in Sources */,
				31D1EA76299FA5D700DFDCCD /* PostViewController.swift in Sources */,
				31C41F3929A330F9008F149D /* Collection+Extension.swift in Sources */,
				310F0E4B299F124F0097CA71 /* CustomImageView.swift in Sources */,
				310F0E49299F075A0097CA71 /* LoginViewModel.swift in Sources */,
				316097A1299E0A5700B31C96 /* Resolver+Injection.swift in Sources */,
				31D1EA7B299FC8BF00DFDCCD /* CustomTextView.swift in Sources */,
				310F0E3B299E4FA30097CA71 /* LayoutConstant.swift in Sources */,
				3109FC1A299CB71900A256CE /* BaseNaviViewController.swift in Sources */,
				31D1EA72299FA1D800DFDCCD /* PostRepository.swift in Sources */,
				31D1EA7F29A04C4400DFDCCD /* UIImage+Extension.swift in Sources */,
				310F0E47299E66520097CA71 /* CustomButton.swift in Sources */,
				310F0E51299F564D0097CA71 /* String+Extenstion.swift in Sources */,
			);
			runOnlyForDeploymentPostprocessing = 0;
		};
		3109FBAD299CB0C000A256CE /* Sources */ = {
			isa = PBXSourcesBuildPhase;
			buildActionMask = 2147483647;
			files = (
				31C6762329A273C80059A0F5 /* Resolver+Extension.swift in Sources */,
				31C41F1929A30B52008F149D /* Tweet+Extension.swift in Sources */,
				31C6761529A26F900059A0F5 /* LoginViewSnapshotTest.swift in Sources */,
				31C41F3629A32904008F149D /* HomeViewModelTest.swift in Sources */,
				31C41F3C29A336FC008F149D /* PostViewModelTest.swift in Sources */,
				31C41F2C29A31626008F149D /* WelcomeViewModelTest.swift in Sources */,
				31C41F1629A30A56008F149D /* HomeViewSnapshotTest.swift in Sources */,
				31C41F2829A313B9008F149D /* BaseNaviViewModelTest.swift in Sources */,
				31C41F3329A32527008F149D /* CreateAccountViewModelTest.swift in Sources */,
				31C6761B29A270890059A0F5 /* PostViewSnapshotTest.swift in Sources */,
				31C41F0C29A306A6008F149D /* PostRepositoryProtocol+Extension.swift in Sources */,
				31C6761829A26FE30059A0F5 /* CreateAccountViewSnapshotTest.swift in Sources */,
				31C41F2F29A3172C008F149D /* LoginViewModelTest.swift in Sources */,
				31C41F2629A31158008F149D /* BaseNaviViewSnapshotTest.swift in Sources */,
				31C675FC29A26CBB0059A0F5 /* WelcomeViewSnapshotTest.swift in Sources */,
				31C41F0F29A30716008F149D /* AuthRepositoryProtocol+Extension.swift in Sources */,
			);
			runOnlyForDeploymentPostprocessing = 0;
		};
/* End PBXSourcesBuildPhase section */

/* Begin PBXTargetDependency section */
		3109FBB3299CB0C000A256CE /* PBXTargetDependency */ = {
			isa = PBXTargetDependency;
			target = 3109FB97299CB0BF00A256CE /* TwiterApp */;
			targetProxy = 3109FBB2299CB0C000A256CE /* PBXContainerItemProxy */;
		};
		31FEBDC0299F69EC00D8BB95 /* PBXTargetDependency */ = {
			isa = PBXTargetDependency;
			productRef = 31FEBDBF299F69EC00D8BB95 /* RswiftGenerateInternalResources */;
		};
/* End PBXTargetDependency section */

/* Begin PBXVariantGroup section */
		3109FBA9299CB0C000A256CE /* LaunchScreen.storyboard */ = {
			isa = PBXVariantGroup;
			children = (
				3109FBAA299CB0C000A256CE /* Base */,
			);
			name = LaunchScreen.storyboard;
			sourceTree = "<group>";
		};
		310F0E57299F64130097CA71 /* Localizable.strings */ = {
			isa = PBXVariantGroup;
			children = (
				310F0E56299F64130097CA71 /* en */,
			);
			name = Localizable.strings;
			sourceTree = "<group>";
		};
/* End PBXVariantGroup section */

/* Begin XCBuildConfiguration section */
		3109FBC3299CB0C000A256CE /* Debug */ = {
			isa = XCBuildConfiguration;
			buildSettings = {
				ALWAYS_SEARCH_USER_PATHS = NO;
				CLANG_ANALYZER_LOCALIZABILITY_NONLOCALIZED = YES;
				CLANG_ANALYZER_NONNULL = YES;
				CLANG_ANALYZER_NUMBER_OBJECT_CONVERSION = YES_AGGRESSIVE;
				CLANG_CXX_LANGUAGE_STANDARD = "gnu++20";
				CLANG_ENABLE_MODULES = YES;
				CLANG_ENABLE_OBJC_ARC = YES;
				CLANG_ENABLE_OBJC_WEAK = YES;
				CLANG_WARN_BLOCK_CAPTURE_AUTORELEASING = YES;
				CLANG_WARN_BOOL_CONVERSION = YES;
				CLANG_WARN_COMMA = YES;
				CLANG_WARN_CONSTANT_CONVERSION = YES;
				CLANG_WARN_DEPRECATED_OBJC_IMPLEMENTATIONS = YES;
				CLANG_WARN_DIRECT_OBJC_ISA_USAGE = YES_ERROR;
				CLANG_WARN_DOCUMENTATION_COMMENTS = YES;
				CLANG_WARN_EMPTY_BODY = YES;
				CLANG_WARN_ENUM_CONVERSION = YES;
				CLANG_WARN_INFINITE_RECURSION = YES;
				CLANG_WARN_INT_CONVERSION = YES;
				CLANG_WARN_NON_LITERAL_NULL_CONVERSION = YES;
				CLANG_WARN_OBJC_IMPLICIT_RETAIN_SELF = YES;
				CLANG_WARN_OBJC_LITERAL_CONVERSION = YES;
				CLANG_WARN_OBJC_ROOT_CLASS = YES_ERROR;
				CLANG_WARN_QUOTED_INCLUDE_IN_FRAMEWORK_HEADER = YES;
				CLANG_WARN_RANGE_LOOP_ANALYSIS = YES;
				CLANG_WARN_STRICT_PROTOTYPES = YES;
				CLANG_WARN_SUSPICIOUS_MOVE = YES;
				CLANG_WARN_UNGUARDED_AVAILABILITY = YES_AGGRESSIVE;
				CLANG_WARN_UNREACHABLE_CODE = YES;
				CLANG_WARN__DUPLICATE_METHOD_MATCH = YES;
				COPY_PHASE_STRIP = NO;
				DEBUG_INFORMATION_FORMAT = dwarf;
				ENABLE_STRICT_OBJC_MSGSEND = YES;
				ENABLE_TESTABILITY = YES;
				GCC_C_LANGUAGE_STANDARD = gnu11;
				GCC_DYNAMIC_NO_PIC = NO;
				GCC_NO_COMMON_BLOCKS = YES;
				GCC_OPTIMIZATION_LEVEL = 0;
				GCC_PREPROCESSOR_DEFINITIONS = (
					"DEBUG=1",
					"$(inherited)",
				);
				GCC_WARN_64_TO_32_BIT_CONVERSION = YES;
				GCC_WARN_ABOUT_RETURN_TYPE = YES_ERROR;
				GCC_WARN_UNDECLARED_SELECTOR = YES;
				GCC_WARN_UNINITIALIZED_AUTOS = YES_AGGRESSIVE;
				GCC_WARN_UNUSED_FUNCTION = YES;
				GCC_WARN_UNUSED_VARIABLE = YES;
				IPHONEOS_DEPLOYMENT_TARGET = 16.1;
				MTL_ENABLE_DEBUG_INFO = INCLUDE_SOURCE;
				MTL_FAST_MATH = YES;
				ONLY_ACTIVE_ARCH = YES;
				SDKROOT = iphoneos;
				SWIFT_ACTIVE_COMPILATION_CONDITIONS = DEBUG;
				SWIFT_OPTIMIZATION_LEVEL = "-Onone";
			};
			name = Debug;
		};
		3109FBC4299CB0C000A256CE /* Release */ = {
			isa = XCBuildConfiguration;
			buildSettings = {
				ALWAYS_SEARCH_USER_PATHS = NO;
				CLANG_ANALYZER_LOCALIZABILITY_NONLOCALIZED = YES;
				CLANG_ANALYZER_NONNULL = YES;
				CLANG_ANALYZER_NUMBER_OBJECT_CONVERSION = YES_AGGRESSIVE;
				CLANG_CXX_LANGUAGE_STANDARD = "gnu++20";
				CLANG_ENABLE_MODULES = YES;
				CLANG_ENABLE_OBJC_ARC = YES;
				CLANG_ENABLE_OBJC_WEAK = YES;
				CLANG_WARN_BLOCK_CAPTURE_AUTORELEASING = YES;
				CLANG_WARN_BOOL_CONVERSION = YES;
				CLANG_WARN_COMMA = YES;
				CLANG_WARN_CONSTANT_CONVERSION = YES;
				CLANG_WARN_DEPRECATED_OBJC_IMPLEMENTATIONS = YES;
				CLANG_WARN_DIRECT_OBJC_ISA_USAGE = YES_ERROR;
				CLANG_WARN_DOCUMENTATION_COMMENTS = YES;
				CLANG_WARN_EMPTY_BODY = YES;
				CLANG_WARN_ENUM_CONVERSION = YES;
				CLANG_WARN_INFINITE_RECURSION = YES;
				CLANG_WARN_INT_CONVERSION = YES;
				CLANG_WARN_NON_LITERAL_NULL_CONVERSION = YES;
				CLANG_WARN_OBJC_IMPLICIT_RETAIN_SELF = YES;
				CLANG_WARN_OBJC_LITERAL_CONVERSION = YES;
				CLANG_WARN_OBJC_ROOT_CLASS = YES_ERROR;
				CLANG_WARN_QUOTED_INCLUDE_IN_FRAMEWORK_HEADER = YES;
				CLANG_WARN_RANGE_LOOP_ANALYSIS = YES;
				CLANG_WARN_STRICT_PROTOTYPES = YES;
				CLANG_WARN_SUSPICIOUS_MOVE = YES;
				CLANG_WARN_UNGUARDED_AVAILABILITY = YES_AGGRESSIVE;
				CLANG_WARN_UNREACHABLE_CODE = YES;
				CLANG_WARN__DUPLICATE_METHOD_MATCH = YES;
				COPY_PHASE_STRIP = NO;
				DEBUG_INFORMATION_FORMAT = "dwarf-with-dsym";
				ENABLE_NS_ASSERTIONS = NO;
				ENABLE_STRICT_OBJC_MSGSEND = YES;
				GCC_C_LANGUAGE_STANDARD = gnu11;
				GCC_NO_COMMON_BLOCKS = YES;
				GCC_WARN_64_TO_32_BIT_CONVERSION = YES;
				GCC_WARN_ABOUT_RETURN_TYPE = YES_ERROR;
				GCC_WARN_UNDECLARED_SELECTOR = YES;
				GCC_WARN_UNINITIALIZED_AUTOS = YES_AGGRESSIVE;
				GCC_WARN_UNUSED_FUNCTION = YES;
				GCC_WARN_UNUSED_VARIABLE = YES;
				IPHONEOS_DEPLOYMENT_TARGET = 16.1;
				MTL_ENABLE_DEBUG_INFO = NO;
				MTL_FAST_MATH = YES;
				SDKROOT = iphoneos;
				SWIFT_COMPILATION_MODE = wholemodule;
				SWIFT_OPTIMIZATION_LEVEL = "-O";
				VALIDATE_PRODUCT = YES;
			};
			name = Release;
		};
		3109FBC6299CB0C000A256CE /* Debug */ = {
			isa = XCBuildConfiguration;
			buildSettings = {
				ASSETCATALOG_COMPILER_APPICON_NAME = AppIcon;
				ASSETCATALOG_COMPILER_GLOBAL_ACCENT_COLOR_NAME = AccentColor;
				CODE_SIGN_STYLE = Automatic;
				CURRENT_PROJECT_VERSION = 1;
				DEVELOPMENT_TEAM = 88XQS9H672;
				GENERATE_INFOPLIST_FILE = YES;
				INFOPLIST_FILE = TwiterApp/Support/Info.plist;
				INFOPLIST_KEY_UIApplicationSupportsIndirectInputEvents = YES;
				INFOPLIST_KEY_UILaunchStoryboardName = LaunchScreen.storyboard;
				INFOPLIST_KEY_UIMainStoryboardFile = "";
				INFOPLIST_KEY_UISupportedInterfaceOrientations = UIInterfaceOrientationPortrait;
				LD_RUNPATH_SEARCH_PATHS = (
					"$(inherited)",
					"@executable_path/Frameworks",
				);
				MARKETING_VERSION = 1.0;
				PRODUCT_BUNDLE_IDENTIFIER = org.bani.TwiterApp;
				PRODUCT_NAME = "$(TARGET_NAME)";
				SUPPORTED_PLATFORMS = "iphoneos iphonesimulator";
				SUPPORTS_MACCATALYST = NO;
				SUPPORTS_MAC_DESIGNED_FOR_IPHONE_IPAD = YES;
				SWIFT_EMIT_LOC_STRINGS = YES;
				SWIFT_VERSION = 5.0;
				TARGETED_DEVICE_FAMILY = 1;
			};
			name = Debug;
		};
		3109FBC7299CB0C000A256CE /* Release */ = {
			isa = XCBuildConfiguration;
			buildSettings = {
				ASSETCATALOG_COMPILER_APPICON_NAME = AppIcon;
				ASSETCATALOG_COMPILER_GLOBAL_ACCENT_COLOR_NAME = AccentColor;
				CODE_SIGN_STYLE = Automatic;
				CURRENT_PROJECT_VERSION = 1;
				DEVELOPMENT_TEAM = 88XQS9H672;
				GENERATE_INFOPLIST_FILE = YES;
				INFOPLIST_FILE = TwiterApp/Support/Info.plist;
				INFOPLIST_KEY_UIApplicationSupportsIndirectInputEvents = YES;
				INFOPLIST_KEY_UILaunchStoryboardName = LaunchScreen.storyboard;
				INFOPLIST_KEY_UIMainStoryboardFile = "";
				INFOPLIST_KEY_UISupportedInterfaceOrientations = UIInterfaceOrientationPortrait;
				LD_RUNPATH_SEARCH_PATHS = (
					"$(inherited)",
					"@executable_path/Frameworks",
				);
				MARKETING_VERSION = 1.0;
				PRODUCT_BUNDLE_IDENTIFIER = org.bani.TwiterApp;
				PRODUCT_NAME = "$(TARGET_NAME)";
				SUPPORTED_PLATFORMS = "iphoneos iphonesimulator";
				SUPPORTS_MACCATALYST = NO;
				SUPPORTS_MAC_DESIGNED_FOR_IPHONE_IPAD = YES;
				SWIFT_EMIT_LOC_STRINGS = YES;
				SWIFT_VERSION = 5.0;
				TARGETED_DEVICE_FAMILY = 1;
			};
			name = Release;
		};
		3109FBC9299CB0C000A256CE /* Debug */ = {
			isa = XCBuildConfiguration;
			buildSettings = {
				ALWAYS_EMBED_SWIFT_STANDARD_LIBRARIES = NO;
				BUNDLE_LOADER = "$(TEST_HOST)";
				CODE_SIGN_STYLE = Automatic;
				CURRENT_PROJECT_VERSION = 1;
				DEVELOPMENT_TEAM = 88XQS9H672;
				GENERATE_INFOPLIST_FILE = YES;
				INFOPLIST_FILE = "";
				IPHONEOS_DEPLOYMENT_TARGET = 16.1;
				MARKETING_VERSION = 1.0;
				PRODUCT_BUNDLE_IDENTIFIER = org.bani.TwiterAppTests;
				PRODUCT_NAME = "$(TARGET_NAME)";
				SUPPORTED_PLATFORMS = "iphoneos iphonesimulator";
				SUPPORTS_MACCATALYST = NO;
				SUPPORTS_MAC_DESIGNED_FOR_IPHONE_IPAD = YES;
				SWIFT_EMIT_LOC_STRINGS = NO;
				SWIFT_VERSION = 5.0;
				TARGETED_DEVICE_FAMILY = 1;
				TEST_HOST = "$(BUILT_PRODUCTS_DIR)/TwiterApp.app/$(BUNDLE_EXECUTABLE_FOLDER_PATH)/TwiterApp";
			};
			name = Debug;
		};
		3109FBCA299CB0C000A256CE /* Release */ = {
			isa = XCBuildConfiguration;
			buildSettings = {
				ALWAYS_EMBED_SWIFT_STANDARD_LIBRARIES = NO;
				BUNDLE_LOADER = "$(TEST_HOST)";
				CODE_SIGN_STYLE = Automatic;
				CURRENT_PROJECT_VERSION = 1;
				DEVELOPMENT_TEAM = 88XQS9H672;
				GENERATE_INFOPLIST_FILE = YES;
				INFOPLIST_FILE = "";
				IPHONEOS_DEPLOYMENT_TARGET = 16.1;
				MARKETING_VERSION = 1.0;
				PRODUCT_BUNDLE_IDENTIFIER = org.bani.TwiterAppTests;
				PRODUCT_NAME = "$(TARGET_NAME)";
				SUPPORTED_PLATFORMS = "iphoneos iphonesimulator";
				SUPPORTS_MACCATALYST = NO;
				SUPPORTS_MAC_DESIGNED_FOR_IPHONE_IPAD = YES;
				SWIFT_EMIT_LOC_STRINGS = NO;
				SWIFT_VERSION = 5.0;
				TARGETED_DEVICE_FAMILY = 1;
				TEST_HOST = "$(BUILT_PRODUCTS_DIR)/TwiterApp.app/$(BUNDLE_EXECUTABLE_FOLDER_PATH)/TwiterApp";
			};
			name = Release;
		};
/* End XCBuildConfiguration section */

/* Begin XCConfigurationList section */
		3109FB93299CB0BE00A256CE /* Build configuration list for PBXProject "TwiterApp" */ = {
			isa = XCConfigurationList;
			buildConfigurations = (
				3109FBC3299CB0C000A256CE /* Debug */,
				3109FBC4299CB0C000A256CE /* Release */,
			);
			defaultConfigurationIsVisible = 0;
			defaultConfigurationName = Release;
		};
		3109FBC5299CB0C000A256CE /* Build configuration list for PBXNativeTarget "TwiterApp" */ = {
			isa = XCConfigurationList;
			buildConfigurations = (
				3109FBC6299CB0C000A256CE /* Debug */,
				3109FBC7299CB0C000A256CE /* Release */,
			);
			defaultConfigurationIsVisible = 0;
			defaultConfigurationName = Release;
		};
		3109FBC8299CB0C000A256CE /* Build configuration list for PBXNativeTarget "TwiterAppTests" */ = {
			isa = XCConfigurationList;
			buildConfigurations = (
				3109FBC9299CB0C000A256CE /* Debug */,
				3109FBCA299CB0C000A256CE /* Release */,
			);
			defaultConfigurationIsVisible = 0;
			defaultConfigurationName = Release;
		};
/* End XCConfigurationList section */

/* Begin XCRemoteSwiftPackageReference section */
		310F0E5B299F686A0097CA71 /* XCRemoteSwiftPackageReference "R" */ = {
			isa = XCRemoteSwiftPackageReference;
			repositoryURL = "https://github.com/mac-cain13/R.swift";
			requirement = {
				kind = upToNextMajorVersion;
				minimumVersion = 7.0.0;
			};
		};
		31609780299DFB6500B31C96 /* XCRemoteSwiftPackageReference "firebase-ios-sdk" */ = {
			isa = XCRemoteSwiftPackageReference;
			repositoryURL = "https://github.com/firebase/firebase-ios-sdk";
			requirement = {
				branch = master;
				kind = branch;
			};
		};
		3160979D299E09F400B31C96 /* XCRemoteSwiftPackageReference "Resolver" */ = {
			isa = XCRemoteSwiftPackageReference;
			repositoryURL = "https://github.com/hmlongco/Resolver";
			requirement = {
				kind = upToNextMajorVersion;
				minimumVersion = 1.5.0;
			};
		};
		31C675FD29A26D470059A0F5 /* XCRemoteSwiftPackageReference "swift-snapshot-testing" */ = {
			isa = XCRemoteSwiftPackageReference;
			repositoryURL = "https://github.com/pointfreeco/swift-snapshot-testing.git";
			requirement = {
				branch = main;
				kind = branch;
			};
		};
		31EE641329A13576008E8B0D /* XCRemoteSwiftPackageReference "Kingfisher" */ = {
			isa = XCRemoteSwiftPackageReference;
			repositoryURL = "https://github.com/onevcat/Kingfisher.git";
			requirement = {
				branch = master;
				kind = branch;
			};
		};
/* End XCRemoteSwiftPackageReference section */

/* Begin XCSwiftPackageProductDependency section */
		31609783299DFB6500B31C96 /* FirebaseAuth */ = {
			isa = XCSwiftPackageProductDependency;
			package = 31609780299DFB6500B31C96 /* XCRemoteSwiftPackageReference "firebase-ios-sdk" */;
			productName = FirebaseAuth;
		};
		31609787299DFB6500B31C96 /* FirebaseDatabase */ = {
			isa = XCSwiftPackageProductDependency;
			package = 31609780299DFB6500B31C96 /* XCRemoteSwiftPackageReference "firebase-ios-sdk" */;
			productName = FirebaseDatabase;
		};
		3160978F299DFB6500B31C96 /* FirebaseStorage */ = {
			isa = XCSwiftPackageProductDependency;
			package = 31609780299DFB6500B31C96 /* XCRemoteSwiftPackageReference "firebase-ios-sdk" */;
			productName = FirebaseStorage;
		};
		3160979E299E09F400B31C96 /* Resolver */ = {
			isa = XCSwiftPackageProductDependency;
			package = 3160979D299E09F400B31C96 /* XCRemoteSwiftPackageReference "Resolver" */;
			productName = Resolver;
		};
		31C41F1C29A30FA7008F149D /* FirebaseAuth */ = {
			isa = XCSwiftPackageProductDependency;
			package = 31609780299DFB6500B31C96 /* XCRemoteSwiftPackageReference "firebase-ios-sdk" */;
			productName = FirebaseAuth;
		};
		31C41F1E29A30FAB008F149D /* FirebaseDatabase */ = {
			isa = XCSwiftPackageProductDependency;
			package = 31609780299DFB6500B31C96 /* XCRemoteSwiftPackageReference "firebase-ios-sdk" */;
			productName = FirebaseDatabase;
		};
		31C41F2029A30FB0008F149D /* FirebaseStorage */ = {
			isa = XCSwiftPackageProductDependency;
			package = 31609780299DFB6500B31C96 /* XCRemoteSwiftPackageReference "firebase-ios-sdk" */;
			productName = FirebaseStorage;
		};
		31C675FE29A26D470059A0F5 /* SnapshotTesting */ = {
			isa = XCSwiftPackageProductDependency;
			package = 31C675FD29A26D470059A0F5 /* XCRemoteSwiftPackageReference "swift-snapshot-testing" */;
			productName = SnapshotTesting;
		};
		31EE641429A13576008E8B0D /* Kingfisher */ = {
			isa = XCSwiftPackageProductDependency;
			package = 31EE641329A13576008E8B0D /* XCRemoteSwiftPackageReference "Kingfisher" */;
			productName = Kingfisher;
		};
		31FEBDBD299F69D900D8BB95 /* RswiftLibrary */ = {
			isa = XCSwiftPackageProductDependency;
			package = 310F0E5B299F686A0097CA71 /* XCRemoteSwiftPackageReference "R" */;
			productName = RswiftLibrary;
		};
		31FEBDBF299F69EC00D8BB95 /* RswiftGenerateInternalResources */ = {
			isa = XCSwiftPackageProductDependency;
			productName = "plugin:RswiftGenerateInternalResources";
		};
/* End XCSwiftPackageProductDependency section */
	};
	rootObject = 3109FB90299CB0BE00A256CE /* Project object */;
}
